// !$*UTF8*$!
{
	archiveVersion = 1;
	classes = {
	};
	objectVersion = 46;
	objects = {

/* Begin PBXBuildFile section */
		2E0DD6821A6459B90076C5B6 /* main.m in Sources */ = {isa = PBXBuildFile; fileRef = 2E0DD6811A6459B90076C5B6 /* main.m */; };
		2E0DD6851A6459B90076C5B6 /* AppDelegate.m in Sources */ = {isa = PBXBuildFile; fileRef = 2E0DD6841A6459B90076C5B6 /* AppDelegate.m */; };
		2E0DD6881A6459B90076C5B6 /* Pipe_Maze.xcdatamodeld in Sources */ = {isa = PBXBuildFile; fileRef = 2E0DD6861A6459B90076C5B6 /* Pipe_Maze.xcdatamodeld */; };
		2E0DD68E1A6459B90076C5B6 /* Main.storyboard in Resources */ = {isa = PBXBuildFile; fileRef = 2E0DD68C1A6459B90076C5B6 /* Main.storyboard */; };
		2E0DD6901A6459B90076C5B6 /* Images.xcassets in Resources */ = {isa = PBXBuildFile; fileRef = 2E0DD68F1A6459B90076C5B6 /* Images.xcassets */; };
		2E0DD6931A6459B90076C5B6 /* LaunchScreen.xib in Resources */ = {isa = PBXBuildFile; fileRef = 2E0DD6911A6459B90076C5B6 /* LaunchScreen.xib */; };
		2E0DD69F1A6459B90076C5B6 /* Pipe_MazeTests.m in Sources */ = {isa = PBXBuildFile; fileRef = 2E0DD69E1A6459B90076C5B6 /* Pipe_MazeTests.m */; };
		2E0DD6B01A647D520076C5B6 /* LevelCollectionViewController.m in Sources */ = {isa = PBXBuildFile; fileRef = 2E0DD6AF1A647D520076C5B6 /* LevelCollectionViewController.m */; };
		2E0DD6B31A6481620076C5B6 /* LevelView.m in Sources */ = {isa = PBXBuildFile; fileRef = 2E0DD6B21A6481620076C5B6 /* LevelView.m */; };
		2E0DD6B71A64907D0076C5B6 /* star.png in Resources */ = {isa = PBXBuildFile; fileRef = 2E0DD6B61A64907D0076C5B6 /* star.png */; };
		2E0DD6BA1A6490960076C5B6 /* StarView.m in Sources */ = {isa = PBXBuildFile; fileRef = 2E0DD6B91A6490960076C5B6 /* StarView.m */; };
		2E0DD6BC1A6492220076C5B6 /* starhighlighted.png in Resources */ = {isa = PBXBuildFile; fileRef = 2E0DD6BB1A6492220076C5B6 /* starhighlighted.png */; };
		2E0DD6BF1A649C360076C5B6 /* MazeView.m in Sources */ = {isa = PBXBuildFile; fileRef = 2E0DD6BE1A649C360076C5B6 /* MazeView.m */; };
		2E0DD6C21A64BE8C0076C5B6 /* WorldDAO.m in Sources */ = {isa = PBXBuildFile; fileRef = 2E0DD6C11A64BE8C0076C5B6 /* WorldDAO.m */; };
		2E61FCC31A68717700364C5E /* level1.txt in Resources */ = {isa = PBXBuildFile; fileRef = 2E61FCC21A68717700364C5E /* level1.txt */; };
		2E61FCCA1A6871EA00364C5E /* LevelParser.m in Sources */ = {isa = PBXBuildFile; fileRef = 2E61FCC91A6871EA00364C5E /* LevelParser.m */; };
		2E61FCCD1A6871F800364C5E /* MazeViewController.m in Sources */ = {isa = PBXBuildFile; fileRef = 2E61FCCC1A6871F800364C5E /* MazeViewController.m */; };
		2E61FCD01A68745800364C5E /* Maze.m in Sources */ = {isa = PBXBuildFile; fileRef = 2E61FCCF1A68745800364C5E /* Maze.m */; };
		2EDBAF441A659C4A006566BD /* settings@2x.png in Resources */ = {isa = PBXBuildFile; fileRef = 2EDBAF431A659C4A006566BD /* settings@2x.png */; };
		2EDBAF4A1A65ADD2006566BD /* settings.png in Resources */ = {isa = PBXBuildFile; fileRef = 2EDBAF451A65ADD2006566BD /* settings.png */; };
		2EDBAF4B1A65ADD2006566BD /* settings@3x.png in Resources */ = {isa = PBXBuildFile; fileRef = 2EDBAF461A65ADD2006566BD /* settings@3x.png */; };
		2EDBAF4C1A65ADD2006566BD /* undo.png in Resources */ = {isa = PBXBuildFile; fileRef = 2EDBAF471A65ADD2006566BD /* undo.png */; };
		2EDBAF4D1A65ADD2006566BD /* undo@2x.png in Resources */ = {isa = PBXBuildFile; fileRef = 2EDBAF481A65ADD2006566BD /* undo@2x.png */; };
		2EDBAF4E1A65ADD2006566BD /* undo@3x.png in Resources */ = {isa = PBXBuildFile; fileRef = 2EDBAF491A65ADD2006566BD /* undo@3x.png */; };
		2EDBAF521A65CCD4006566BD /* Level.m in Sources */ = {isa = PBXBuildFile; fileRef = 2EDBAF511A65CCD4006566BD /* Level.m */; };
		2EDBAF551A65CCD5006566BD /* World.m in Sources */ = {isa = PBXBuildFile; fileRef = 2EDBAF541A65CCD5006566BD /* World.m */; };
		2EDBAF5A1A681116006566BD /* PiecesView.m in Sources */ = {isa = PBXBuildFile; fileRef = 2EDBAF591A681116006566BD /* PiecesView.m */; };
		2EDBAF5D1A68112B006566BD /* MazePieceView.m in Sources */ = {isa = PBXBuildFile; fileRef = 2EDBAF5C1A68112B006566BD /* MazePieceView.m */; };
		2EDBAF601A6811EE006566BD /* PMConstants.m in Sources */ = {isa = PBXBuildFile; fileRef = 2EDBAF5F1A6811EE006566BD /* PMConstants.m */; };
		2EDBAF631A681A6A006566BD /* MazePiece.m in Sources */ = {isa = PBXBuildFile; fileRef = 2EDBAF621A681A6A006566BD /* MazePiece.m */; };
		2EDBAF671A685E1F006566BD /* more.png in Resources */ = {isa = PBXBuildFile; fileRef = 2EDBAF641A685E1F006566BD /* more.png */; };
		2EDBAF681A685E1F006566BD /* more@2x.png in Resources */ = {isa = PBXBuildFile; fileRef = 2EDBAF651A685E1F006566BD /* more@2x.png */; };
		2EDBAF691A685E1F006566BD /* more@3x.png in Resources */ = {isa = PBXBuildFile; fileRef = 2EDBAF661A685E1F006566BD /* more@3x.png */; };
/* End PBXBuildFile section */

/* Begin PBXContainerItemProxy section */
		2E0DD6991A6459B90076C5B6 /* PBXContainerItemProxy */ = {
			isa = PBXContainerItemProxy;
			containerPortal = 2E0DD6741A6459B90076C5B6 /* Project object */;
			proxyType = 1;
			remoteGlobalIDString = 2E0DD67B1A6459B90076C5B6;
			remoteInfo = "Pipe Maze";
		};
/* End PBXContainerItemProxy section */

/* Begin PBXFileReference section */
		2E0DD67C1A6459B90076C5B6 /* Pipe Maze.app */ = {isa = PBXFileReference; explicitFileType = wrapper.application; includeInIndex = 0; path = "Pipe Maze.app"; sourceTree = BUILT_PRODUCTS_DIR; };
		2E0DD6801A6459B90076C5B6 /* Info.plist */ = {isa = PBXFileReference; lastKnownFileType = text.plist.xml; path = Info.plist; sourceTree = "<group>"; };
		2E0DD6811A6459B90076C5B6 /* main.m */ = {isa = PBXFileReference; lastKnownFileType = sourcecode.c.objc; path = main.m; sourceTree = "<group>"; };
		2E0DD6831A6459B90076C5B6 /* AppDelegate.h */ = {isa = PBXFileReference; lastKnownFileType = sourcecode.c.h; path = AppDelegate.h; sourceTree = "<group>"; };
		2E0DD6841A6459B90076C5B6 /* AppDelegate.m */ = {isa = PBXFileReference; lastKnownFileType = sourcecode.c.objc; path = AppDelegate.m; sourceTree = "<group>"; };
		2E0DD6871A6459B90076C5B6 /* Pipe_Maze.xcdatamodel */ = {isa = PBXFileReference; lastKnownFileType = wrapper.xcdatamodel; path = Pipe_Maze.xcdatamodel; sourceTree = "<group>"; };
		2E0DD68D1A6459B90076C5B6 /* Base */ = {isa = PBXFileReference; lastKnownFileType = file.storyboard; name = Base; path = Base.lproj/Main.storyboard; sourceTree = "<group>"; };
		2E0DD68F1A6459B90076C5B6 /* Images.xcassets */ = {isa = PBXFileReference; lastKnownFileType = folder.assetcatalog; path = Images.xcassets; sourceTree = "<group>"; };
		2E0DD6921A6459B90076C5B6 /* Base */ = {isa = PBXFileReference; lastKnownFileType = file.xib; name = Base; path = Base.lproj/LaunchScreen.xib; sourceTree = "<group>"; };
		2E0DD6981A6459B90076C5B6 /* Pipe MazeTests.xctest */ = {isa = PBXFileReference; explicitFileType = wrapper.cfbundle; includeInIndex = 0; path = "Pipe MazeTests.xctest"; sourceTree = BUILT_PRODUCTS_DIR; };
		2E0DD69D1A6459B90076C5B6 /* Info.plist */ = {isa = PBXFileReference; lastKnownFileType = text.plist.xml; path = Info.plist; sourceTree = "<group>"; };
		2E0DD69E1A6459B90076C5B6 /* Pipe_MazeTests.m */ = {isa = PBXFileReference; lastKnownFileType = sourcecode.c.objc; path = Pipe_MazeTests.m; sourceTree = "<group>"; };
		2E0DD6AE1A647D520076C5B6 /* LevelCollectionViewController.h */ = {isa = PBXFileReference; fileEncoding = 4; lastKnownFileType = sourcecode.c.h; path = LevelCollectionViewController.h; sourceTree = "<group>"; };
		2E0DD6AF1A647D520076C5B6 /* LevelCollectionViewController.m */ = {isa = PBXFileReference; fileEncoding = 4; lastKnownFileType = sourcecode.c.objc; path = LevelCollectionViewController.m; sourceTree = "<group>"; };
		2E0DD6B11A6481620076C5B6 /* LevelView.h */ = {isa = PBXFileReference; fileEncoding = 4; lastKnownFileType = sourcecode.c.h; path = LevelView.h; sourceTree = "<group>"; };
		2E0DD6B21A6481620076C5B6 /* LevelView.m */ = {isa = PBXFileReference; fileEncoding = 4; lastKnownFileType = sourcecode.c.objc; path = LevelView.m; sourceTree = "<group>"; };
		2E0DD6B61A64907D0076C5B6 /* star.png */ = {isa = PBXFileReference; lastKnownFileType = image.png; name = star.png; path = images/star.png; sourceTree = "<group>"; };
		2E0DD6B81A6490960076C5B6 /* StarView.h */ = {isa = PBXFileReference; fileEncoding = 4; lastKnownFileType = sourcecode.c.h; path = StarView.h; sourceTree = "<group>"; };
		2E0DD6B91A6490960076C5B6 /* StarView.m */ = {isa = PBXFileReference; fileEncoding = 4; lastKnownFileType = sourcecode.c.objc; path = StarView.m; sourceTree = "<group>"; };
		2E0DD6BB1A6492220076C5B6 /* starhighlighted.png */ = {isa = PBXFileReference; lastKnownFileType = image.png; name = starhighlighted.png; path = images/starhighlighted.png; sourceTree = "<group>"; };
		2E0DD6BD1A649C360076C5B6 /* MazeView.h */ = {isa = PBXFileReference; fileEncoding = 4; lastKnownFileType = sourcecode.c.h; path = MazeView.h; sourceTree = "<group>"; };
		2E0DD6BE1A649C360076C5B6 /* MazeView.m */ = {isa = PBXFileReference; fileEncoding = 4; lastKnownFileType = sourcecode.c.objc; path = MazeView.m; sourceTree = "<group>"; };
		2E0DD6C01A64BE8C0076C5B6 /* WorldDAO.h */ = {isa = PBXFileReference; fileEncoding = 4; lastKnownFileType = sourcecode.c.h; path = WorldDAO.h; sourceTree = "<group>"; };
		2E0DD6C11A64BE8C0076C5B6 /* WorldDAO.m */ = {isa = PBXFileReference; fileEncoding = 4; lastKnownFileType = sourcecode.c.objc; path = WorldDAO.m; sourceTree = "<group>"; };
		2E61FCC21A68717700364C5E /* level1.txt */ = {isa = PBXFileReference; fileEncoding = 4; lastKnownFileType = text; name = level1.txt; path = levels/level1.txt; sourceTree = "<group>"; };
		2E61FCC81A6871EA00364C5E /* LevelParser.h */ = {isa = PBXFileReference; fileEncoding = 4; lastKnownFileType = sourcecode.c.h; path = LevelParser.h; sourceTree = "<group>"; };
		2E61FCC91A6871EA00364C5E /* LevelParser.m */ = {isa = PBXFileReference; fileEncoding = 4; lastKnownFileType = sourcecode.c.objc; path = LevelParser.m; sourceTree = "<group>"; };
		2E61FCCB1A6871F800364C5E /* MazeViewController.h */ = {isa = PBXFileReference; fileEncoding = 4; lastKnownFileType = sourcecode.c.h; path = MazeViewController.h; sourceTree = "<group>"; };
		2E61FCCC1A6871F800364C5E /* MazeViewController.m */ = {isa = PBXFileReference; fileEncoding = 4; lastKnownFileType = sourcecode.c.objc; path = MazeViewController.m; sourceTree = "<group>"; };
		2E61FCCE1A68745800364C5E /* Maze.h */ = {isa = PBXFileReference; fileEncoding = 4; lastKnownFileType = sourcecode.c.h; path = Maze.h; sourceTree = "<group>"; };
		2E61FCCF1A68745800364C5E /* Maze.m */ = {isa = PBXFileReference; fileEncoding = 4; lastKnownFileType = sourcecode.c.objc; path = Maze.m; sourceTree = "<group>"; };
		2EDBAF431A659C4A006566BD /* settings@2x.png */ = {isa = PBXFileReference; lastKnownFileType = image.png; name = "settings@2x.png"; path = "images/settings@2x.png"; sourceTree = "<group>"; };
		2EDBAF451A65ADD2006566BD /* settings.png */ = {isa = PBXFileReference; lastKnownFileType = image.png; name = settings.png; path = images/settings.png; sourceTree = "<group>"; };
		2EDBAF461A65ADD2006566BD /* settings@3x.png */ = {isa = PBXFileReference; lastKnownFileType = image.png; name = "settings@3x.png"; path = "images/settings@3x.png"; sourceTree = "<group>"; };
		2EDBAF471A65ADD2006566BD /* undo.png */ = {isa = PBXFileReference; lastKnownFileType = image.png; name = undo.png; path = images/undo.png; sourceTree = "<group>"; };
		2EDBAF481A65ADD2006566BD /* undo@2x.png */ = {isa = PBXFileReference; lastKnownFileType = image.png; name = "undo@2x.png"; path = "images/undo@2x.png"; sourceTree = "<group>"; };
		2EDBAF491A65ADD2006566BD /* undo@3x.png */ = {isa = PBXFileReference; lastKnownFileType = image.png; name = "undo@3x.png"; path = "images/undo@3x.png"; sourceTree = "<group>"; };
		2EDBAF501A65CCD4006566BD /* Level.h */ = {isa = PBXFileReference; fileEncoding = 4; lastKnownFileType = sourcecode.c.h; path = Level.h; sourceTree = "<group>"; };
		2EDBAF511A65CCD4006566BD /* Level.m */ = {isa = PBXFileReference; fileEncoding = 4; lastKnownFileType = sourcecode.c.objc; path = Level.m; sourceTree = "<group>"; };
		2EDBAF531A65CCD5006566BD /* World.h */ = {isa = PBXFileReference; fileEncoding = 4; lastKnownFileType = sourcecode.c.h; path = World.h; sourceTree = "<group>"; };
		2EDBAF541A65CCD5006566BD /* World.m */ = {isa = PBXFileReference; fileEncoding = 4; lastKnownFileType = sourcecode.c.objc; path = World.m; sourceTree = "<group>"; };
		2EDBAF581A681116006566BD /* PiecesView.h */ = {isa = PBXFileReference; fileEncoding = 4; lastKnownFileType = sourcecode.c.h; path = PiecesView.h; sourceTree = "<group>"; };
		2EDBAF591A681116006566BD /* PiecesView.m */ = {isa = PBXFileReference; fileEncoding = 4; lastKnownFileType = sourcecode.c.objc; path = PiecesView.m; sourceTree = "<group>"; };
		2EDBAF5B1A68112B006566BD /* MazePieceView.h */ = {isa = PBXFileReference; fileEncoding = 4; lastKnownFileType = sourcecode.c.h; path = MazePieceView.h; sourceTree = "<group>"; };
		2EDBAF5C1A68112B006566BD /* MazePieceView.m */ = {isa = PBXFileReference; fileEncoding = 4; lastKnownFileType = sourcecode.c.objc; path = MazePieceView.m; sourceTree = "<group>"; };
		2EDBAF5E1A6811EE006566BD /* PMConstants.h */ = {isa = PBXFileReference; fileEncoding = 4; lastKnownFileType = sourcecode.c.h; path = PMConstants.h; sourceTree = "<group>"; };
		2EDBAF5F1A6811EE006566BD /* PMConstants.m */ = {isa = PBXFileReference; fileEncoding = 4; lastKnownFileType = sourcecode.c.objc; path = PMConstants.m; sourceTree = "<group>"; };
		2EDBAF611A681A6A006566BD /* MazePiece.h */ = {isa = PBXFileReference; fileEncoding = 4; lastKnownFileType = sourcecode.c.h; path = MazePiece.h; sourceTree = "<group>"; };
		2EDBAF621A681A6A006566BD /* MazePiece.m */ = {isa = PBXFileReference; fileEncoding = 4; lastKnownFileType = sourcecode.c.objc; path = MazePiece.m; sourceTree = "<group>"; };
		2EDBAF641A685E1F006566BD /* more.png */ = {isa = PBXFileReference; lastKnownFileType = image.png; name = more.png; path = images/more.png; sourceTree = "<group>"; };
		2EDBAF651A685E1F006566BD /* more@2x.png */ = {isa = PBXFileReference; lastKnownFileType = image.png; name = "more@2x.png"; path = "images/more@2x.png"; sourceTree = "<group>"; };
		2EDBAF661A685E1F006566BD /* more@3x.png */ = {isa = PBXFileReference; lastKnownFileType = image.png; name = "more@3x.png"; path = "images/more@3x.png"; sourceTree = "<group>"; };
/* End PBXFileReference section */

/* Begin PBXFrameworksBuildPhase section */
		2E0DD6791A6459B90076C5B6 /* Frameworks */ = {
			isa = PBXFrameworksBuildPhase;
			buildActionMask = 2147483647;
			files = (
			);
			runOnlyForDeploymentPostprocessing = 0;
		};
		2E0DD6951A6459B90076C5B6 /* Frameworks */ = {
			isa = PBXFrameworksBuildPhase;
			buildActionMask = 2147483647;
			files = (
			);
			runOnlyForDeploymentPostprocessing = 0;
		};
/* End PBXFrameworksBuildPhase section */

/* Begin PBXGroup section */
		2E0DD6731A6459B90076C5B6 = {
			isa = PBXGroup;
			children = (
				2E61FCC41A68717C00364C5E /* levels */,
				2EDBAF4F1A65B61B006566BD /* Images */,
				2E0DD67E1A6459B90076C5B6 /* Pipe Maze */,
				2E0DD69B1A6459B90076C5B6 /* Pipe MazeTests */,
				2E0DD67D1A6459B90076C5B6 /* Products */,
			);
			sourceTree = "<group>";
		};
		2E0DD67D1A6459B90076C5B6 /* Products */ = {
			isa = PBXGroup;
			children = (
				2E0DD67C1A6459B90076C5B6 /* Pipe Maze.app */,
				2E0DD6981A6459B90076C5B6 /* Pipe MazeTests.xctest */,
			);
			name = Products;
			sourceTree = "<group>";
		};
		2E0DD67E1A6459B90076C5B6 /* Pipe Maze */ = {
			isa = PBXGroup;
			children = (
				2E0DD6831A6459B90076C5B6 /* AppDelegate.h */,
				2E0DD6841A6459B90076C5B6 /* AppDelegate.m */,
				2E0DD68C1A6459B90076C5B6 /* Main.storyboard */,
				2E0DD6B51A6481740076C5B6 /* View Controllers */,
				2E0DD6B41A6481680076C5B6 /* Views */,
				2EDBAF561A65CCDE006566BD /* Models */,
				2E0DD68F1A6459B90076C5B6 /* Images.xcassets */,
				2E0DD6911A6459B90076C5B6 /* LaunchScreen.xib */,
				2E0DD6861A6459B90076C5B6 /* Pipe_Maze.xcdatamodeld */,
				2E0DD67F1A6459B90076C5B6 /* Supporting Files */,
			);
			path = "Pipe Maze";
			sourceTree = "<group>";
		};
		2E0DD67F1A6459B90076C5B6 /* Supporting Files */ = {
			isa = PBXGroup;
			children = (
				2E0DD6801A6459B90076C5B6 /* Info.plist */,
				2E0DD6811A6459B90076C5B6 /* main.m */,
			);
			name = "Supporting Files";
			sourceTree = "<group>";
		};
		2E0DD69B1A6459B90076C5B6 /* Pipe MazeTests */ = {
			isa = PBXGroup;
			children = (
				2E0DD69E1A6459B90076C5B6 /* Pipe_MazeTests.m */,
				2E0DD69C1A6459B90076C5B6 /* Supporting Files */,
			);
			path = "Pipe MazeTests";
			sourceTree = "<group>";
		};
		2E0DD69C1A6459B90076C5B6 /* Supporting Files */ = {
			isa = PBXGroup;
			children = (
				2E0DD69D1A6459B90076C5B6 /* Info.plist */,
			);
			name = "Supporting Files";
			sourceTree = "<group>";
		};
		2E0DD6B41A6481680076C5B6 /* Views */ = {
			isa = PBXGroup;
			children = (
				2E0DD6B81A6490960076C5B6 /* StarView.h */,
				2E0DD6B91A6490960076C5B6 /* StarView.m */,
				2E0DD6B11A6481620076C5B6 /* LevelView.h */,
				2E0DD6B21A6481620076C5B6 /* LevelView.m */,
				2E0DD6BD1A649C360076C5B6 /* MazeView.h */,
				2E0DD6BE1A649C360076C5B6 /* MazeView.m */,
				2EDBAF581A681116006566BD /* PiecesView.h */,
				2EDBAF591A681116006566BD /* PiecesView.m */,
				2EDBAF5B1A68112B006566BD /* MazePieceView.h */,
				2EDBAF5C1A68112B006566BD /* MazePieceView.m */,
				2EDBAF611A681A6A006566BD /* MazePiece.h */,
				2EDBAF621A681A6A006566BD /* MazePiece.m */,
			);
			name = Views;
			sourceTree = "<group>";
		};
		2E0DD6B51A6481740076C5B6 /* View Controllers */ = {
			isa = PBXGroup;
			children = (
				2E0DD6AE1A647D520076C5B6 /* LevelCollectionViewController.h */,
				2E0DD6AF1A647D520076C5B6 /* LevelCollectionViewController.m */,
				2E61FCCB1A6871F800364C5E /* MazeViewController.h */,
				2E61FCCC1A6871F800364C5E /* MazeViewController.m */,
			);
			name = "View Controllers";
			sourceTree = "<group>";
		};
		2E61FCC41A68717C00364C5E /* levels */ = {
			isa = PBXGroup;
			children = (
				2E61FCC21A68717700364C5E /* level1.txt */,
			);
			name = levels;
			sourceTree = "<group>";
		};
		2EDBAF4F1A65B61B006566BD /* Images */ = {
			isa = PBXGroup;
			children = (
				2EDBAF641A685E1F006566BD /* more.png */,
				2EDBAF651A685E1F006566BD /* more@2x.png */,
				2EDBAF661A685E1F006566BD /* more@3x.png */,
				2EDBAF431A659C4A006566BD /* settings@2x.png */,
				2E0DD6BB1A6492220076C5B6 /* starhighlighted.png */,
				2E0DD6B61A64907D0076C5B6 /* star.png */,
				2EDBAF451A65ADD2006566BD /* settings.png */,
				2EDBAF461A65ADD2006566BD /* settings@3x.png */,
				2EDBAF471A65ADD2006566BD /* undo.png */,
				2EDBAF481A65ADD2006566BD /* undo@2x.png */,
				2EDBAF491A65ADD2006566BD /* undo@3x.png */,
			);
			name = Images;
			sourceTree = "<group>";
		};
		2EDBAF561A65CCDE006566BD /* Models */ = {
			isa = PBXGroup;
			children = (
				2E61FCCE1A68745800364C5E /* Maze.h */,
				2E61FCCF1A68745800364C5E /* Maze.m */,
				2E61FCC81A6871EA00364C5E /* LevelParser.h */,
				2E61FCC91A6871EA00364C5E /* LevelParser.m */,
				2EDBAF5E1A6811EE006566BD /* PMConstants.h */,
				2EDBAF5F1A6811EE006566BD /* PMConstants.m */,
				2E0DD6C01A64BE8C0076C5B6 /* WorldDAO.h */,
				2E0DD6C11A64BE8C0076C5B6 /* WorldDAO.m */,
				2EDBAF571A65CCE8006566BD /* Core Data */,
			);
			name = Models;
			sourceTree = "<group>";
		};
		2EDBAF571A65CCE8006566BD /* Core Data */ = {
			isa = PBXGroup;
			children = (
				2EDBAF531A65CCD5006566BD /* World.h */,
				2EDBAF541A65CCD5006566BD /* World.m */,
				2EDBAF501A65CCD4006566BD /* Level.h */,
				2EDBAF511A65CCD4006566BD /* Level.m */,
			);
			name = "Core Data";
			sourceTree = "<group>";
		};
/* End PBXGroup section */

/* Begin PBXNativeTarget section */
		2E0DD67B1A6459B90076C5B6 /* Pipe Maze */ = {
			isa = PBXNativeTarget;
			buildConfigurationList = 2E0DD6A21A6459B90076C5B6 /* Build configuration list for PBXNativeTarget "Pipe Maze" */;
			buildPhases = (
				2E0DD6781A6459B90076C5B6 /* Sources */,
				2E0DD6791A6459B90076C5B6 /* Frameworks */,
				2E0DD67A1A6459B90076C5B6 /* Resources */,
			);
			buildRules = (
			);
			dependencies = (
			);
			name = "Pipe Maze";
			productName = "Pipe Maze";
			productReference = 2E0DD67C1A6459B90076C5B6 /* Pipe Maze.app */;
			productType = "com.apple.product-type.application";
		};
		2E0DD6971A6459B90076C5B6 /* Pipe MazeTests */ = {
			isa = PBXNativeTarget;
			buildConfigurationList = 2E0DD6A51A6459B90076C5B6 /* Build configuration list for PBXNativeTarget "Pipe MazeTests" */;
			buildPhases = (
				2E0DD6941A6459B90076C5B6 /* Sources */,
				2E0DD6951A6459B90076C5B6 /* Frameworks */,
				2E0DD6961A6459B90076C5B6 /* Resources */,
			);
			buildRules = (
			);
			dependencies = (
				2E0DD69A1A6459B90076C5B6 /* PBXTargetDependency */,
			);
			name = "Pipe MazeTests";
			productName = "Pipe MazeTests";
			productReference = 2E0DD6981A6459B90076C5B6 /* Pipe MazeTests.xctest */;
			productType = "com.apple.product-type.bundle.unit-test";
		};
/* End PBXNativeTarget section */

/* Begin PBXProject section */
		2E0DD6741A6459B90076C5B6 /* Project object */ = {
			isa = PBXProject;
			attributes = {
				LastUpgradeCheck = 0610;
				ORGANIZATIONNAME = "John Arendt";
				TargetAttributes = {
					2E0DD67B1A6459B90076C5B6 = {
						CreatedOnToolsVersion = 6.1.1;
						DevelopmentTeam = 35RV9RPQY7;
					};
					2E0DD6971A6459B90076C5B6 = {
						CreatedOnToolsVersion = 6.1.1;
						TestTargetID = 2E0DD67B1A6459B90076C5B6;
					};
				};
			};
			buildConfigurationList = 2E0DD6771A6459B90076C5B6 /* Build configuration list for PBXProject "Pipe Maze" */;
			compatibilityVersion = "Xcode 3.2";
			developmentRegion = English;
			hasScannedForEncodings = 0;
			knownRegions = (
				en,
				Base,
			);
			mainGroup = 2E0DD6731A6459B90076C5B6;
			productRefGroup = 2E0DD67D1A6459B90076C5B6 /* Products */;
			projectDirPath = "";
			projectRoot = "";
			targets = (
				2E0DD67B1A6459B90076C5B6 /* Pipe Maze */,
				2E0DD6971A6459B90076C5B6 /* Pipe MazeTests */,
			);
		};
/* End PBXProject section */

/* Begin PBXResourcesBuildPhase section */
		2E0DD67A1A6459B90076C5B6 /* Resources */ = {
			isa = PBXResourcesBuildPhase;
			buildActionMask = 2147483647;
			files = (
				2E61FCC31A68717700364C5E /* level1.txt in Resources */,
				2EDBAF691A685E1F006566BD /* more@3x.png in Resources */,
				2E0DD68E1A6459B90076C5B6 /* Main.storyboard in Resources */,
				2EDBAF4A1A65ADD2006566BD /* settings.png in Resources */,
				2EDBAF671A685E1F006566BD /* more.png in Resources */,
				2EDBAF4E1A65ADD2006566BD /* undo@3x.png in Resources */,
				2EDBAF4D1A65ADD2006566BD /* undo@2x.png in Resources */,
				2EDBAF4C1A65ADD2006566BD /* undo.png in Resources */,
				2EDBAF441A659C4A006566BD /* settings@2x.png in Resources */,
				2E0DD6B71A64907D0076C5B6 /* star.png in Resources */,
				2E0DD6BC1A6492220076C5B6 /* starhighlighted.png in Resources */,
				2E0DD6931A6459B90076C5B6 /* LaunchScreen.xib in Resources */,
				2EDBAF4B1A65ADD2006566BD /* settings@3x.png in Resources */,
				2E0DD6901A6459B90076C5B6 /* Images.xcassets in Resources */,
				2EDBAF681A685E1F006566BD /* more@2x.png in Resources */,
			);
			runOnlyForDeploymentPostprocessing = 0;
		};
		2E0DD6961A6459B90076C5B6 /* Resources */ = {
			isa = PBXResourcesBuildPhase;
			buildActionMask = 2147483647;
			files = (
			);
			runOnlyForDeploymentPostprocessing = 0;
		};
/* End PBXResourcesBuildPhase section */

/* Begin PBXSourcesBuildPhase section */
		2E0DD6781A6459B90076C5B6 /* Sources */ = {
			isa = PBXSourcesBuildPhase;
			buildActionMask = 2147483647;
			files = (
				2EDBAF521A65CCD4006566BD /* Level.m in Sources */,
				2E0DD6BA1A6490960076C5B6 /* StarView.m in Sources */,
				2EDBAF5D1A68112B006566BD /* MazePieceView.m in Sources */,
				2E0DD6881A6459B90076C5B6 /* Pipe_Maze.xcdatamodeld in Sources */,
				2EDBAF631A681A6A006566BD /* MazePiece.m in Sources */,
				2EDBAF551A65CCD5006566BD /* World.m in Sources */,
				2EDBAF601A6811EE006566BD /* PMConstants.m in Sources */,
				2E0DD6C21A64BE8C0076C5B6 /* WorldDAO.m in Sources */,
				2E0DD6B01A647D520076C5B6 /* LevelCollectionViewController.m in Sources */,
				2EDBAF5A1A681116006566BD /* PiecesView.m in Sources */,
				2E0DD6B31A6481620076C5B6 /* LevelView.m in Sources */,
				2E61FCCD1A6871F800364C5E /* MazeViewController.m in Sources */,
				2E0DD6BF1A649C360076C5B6 /* MazeView.m in Sources */,
				2E61FCD01A68745800364C5E /* Maze.m in Sources */,
				2E61FCCA1A6871EA00364C5E /* LevelParser.m in Sources */,
				2E0DD6851A6459B90076C5B6 /* AppDelegate.m in Sources */,
				2E0DD6821A6459B90076C5B6 /* main.m in Sources */,
			);
			runOnlyForDeploymentPostprocessing = 0;
		};
		2E0DD6941A6459B90076C5B6 /* Sources */ = {
			isa = PBXSourcesBuildPhase;
			buildActionMask = 2147483647;
			files = (
				2E0DD69F1A6459B90076C5B6 /* Pipe_MazeTests.m in Sources */,
			);
			runOnlyForDeploymentPostprocessing = 0;
		};
/* End PBXSourcesBuildPhase section */

/* Begin PBXTargetDependency section */
		2E0DD69A1A6459B90076C5B6 /* PBXTargetDependency */ = {
			isa = PBXTargetDependency;
			target = 2E0DD67B1A6459B90076C5B6 /* Pipe Maze */;
			targetProxy = 2E0DD6991A6459B90076C5B6 /* PBXContainerItemProxy */;
		};
/* End PBXTargetDependency section */

/* Begin PBXVariantGroup section */
		2E0DD68C1A6459B90076C5B6 /* Main.storyboard */ = {
			isa = PBXVariantGroup;
			children = (
				2E0DD68D1A6459B90076C5B6 /* Base */,
			);
			name = Main.storyboard;
			sourceTree = "<group>";
		};
		2E0DD6911A6459B90076C5B6 /* LaunchScreen.xib */ = {
			isa = PBXVariantGroup;
			children = (
				2E0DD6921A6459B90076C5B6 /* Base */,
			);
			name = LaunchScreen.xib;
			sourceTree = "<group>";
		};
/* End PBXVariantGroup section */

/* Begin XCBuildConfiguration section */
		2E0DD6A01A6459B90076C5B6 /* Debug */ = {
			isa = XCBuildConfiguration;
			buildSettings = {
				ALWAYS_SEARCH_USER_PATHS = NO;
				CLANG_CXX_LANGUAGE_STANDARD = "gnu++0x";
				CLANG_CXX_LIBRARY = "libc++";
				CLANG_ENABLE_MODULES = YES;
				CLANG_ENABLE_OBJC_ARC = YES;
				CLANG_WARN_BOOL_CONVERSION = YES;
				CLANG_WARN_CONSTANT_CONVERSION = YES;
				CLANG_WARN_DIRECT_OBJC_ISA_USAGE = YES_ERROR;
				CLANG_WARN_EMPTY_BODY = YES;
				CLANG_WARN_ENUM_CONVERSION = YES;
				CLANG_WARN_INT_CONVERSION = YES;
				CLANG_WARN_OBJC_ROOT_CLASS = YES_ERROR;
				CLANG_WARN_UNREACHABLE_CODE = YES;
				CLANG_WARN__DUPLICATE_METHOD_MATCH = YES;
				"CODE_SIGN_IDENTITY[sdk=iphoneos*]" = "iPhone Developer";
				COPY_PHASE_STRIP = NO;
				ENABLE_STRICT_OBJC_MSGSEND = YES;
				GCC_C_LANGUAGE_STANDARD = gnu99;
				GCC_DYNAMIC_NO_PIC = NO;
				GCC_OPTIMIZATION_LEVEL = 0;
				GCC_PREPROCESSOR_DEFINITIONS = (
					"DEBUG=1",
					"$(inherited)",
				);
				GCC_SYMBOLS_PRIVATE_EXTERN = NO;
				GCC_WARN_64_TO_32_BIT_CONVERSION = YES;
				GCC_WARN_ABOUT_RETURN_TYPE = YES_ERROR;
				GCC_WARN_UNDECLARED_SELECTOR = YES;
				GCC_WARN_UNINITIALIZED_AUTOS = YES_AGGRESSIVE;
				GCC_WARN_UNUSED_FUNCTION = YES;
				GCC_WARN_UNUSED_VARIABLE = YES;
				IPHONEOS_DEPLOYMENT_TARGET = 8.1;
				MTL_ENABLE_DEBUG_INFO = YES;
				ONLY_ACTIVE_ARCH = YES;
				SDKROOT = iphoneos;
			};
			name = Debug;
		};
		2E0DD6A11A6459B90076C5B6 /* Release */ = {
			isa = XCBuildConfiguration;
			buildSettings = {
				ALWAYS_SEARCH_USER_PATHS = NO;
				CLANG_CXX_LANGUAGE_STANDARD = "gnu++0x";
				CLANG_CXX_LIBRARY = "libc++";
				CLANG_ENABLE_MODULES = YES;
				CLANG_ENABLE_OBJC_ARC = YES;
				CLANG_WARN_BOOL_CONVERSION = YES;
				CLANG_WARN_CONSTANT_CONVERSION = YES;
				CLANG_WARN_DIRECT_OBJC_ISA_USAGE = YES_ERROR;
				CLANG_WARN_EMPTY_BODY = YES;
				CLANG_WARN_ENUM_CONVERSION = YES;
				CLANG_WARN_INT_CONVERSION = YES;
				CLANG_WARN_OBJC_ROOT_CLASS = YES_ERROR;
				CLANG_WARN_UNREACHABLE_CODE = YES;
				CLANG_WARN__DUPLICATE_METHOD_MATCH = YES;
				"CODE_SIGN_IDENTITY[sdk=iphoneos*]" = "iPhone Developer";
				COPY_PHASE_STRIP = YES;
				ENABLE_NS_ASSERTIONS = NO;
				ENABLE_STRICT_OBJC_MSGSEND = YES;
				GCC_C_LANGUAGE_STANDARD = gnu99;
				GCC_WARN_64_TO_32_BIT_CONVERSION = YES;
				GCC_WARN_ABOUT_RETURN_TYPE = YES_ERROR;
				GCC_WARN_UNDECLARED_SELECTOR = YES;
				GCC_WARN_UNINITIALIZED_AUTOS = YES_AGGRESSIVE;
				GCC_WARN_UNUSED_FUNCTION = YES;
				GCC_WARN_UNUSED_VARIABLE = YES;
				IPHONEOS_DEPLOYMENT_TARGET = 8.1;
				MTL_ENABLE_DEBUG_INFO = NO;
				SDKROOT = iphoneos;
				VALIDATE_PRODUCT = YES;
			};
			name = Release;
		};
		2E0DD6A31A6459B90076C5B6 /* Debug */ = {
			isa = XCBuildConfiguration;
			buildSettings = {
				ASSETCATALOG_COMPILER_APPICON_NAME = AppIcon;
				CODE_SIGN_IDENTITY = "iPhone Developer";
				"CODE_SIGN_IDENTITY[sdk=iphoneos*]" = "iPhone Developer";
				INFOPLIST_FILE = "Pipe Maze/Info.plist";
				IPHONEOS_DEPLOYMENT_TARGET = 8.0;
				LD_RUNPATH_SEARCH_PATHS = "$(inherited) @executable_path/Frameworks";
				PRODUCT_NAME = "$(TARGET_NAME)";
				PROVISIONING_PROFILE = "";
			};
			name = Debug;
		};
		2E0DD6A41A6459B90076C5B6 /* Release */ = {
			isa = XCBuildConfiguration;
			buildSettings = {
				ASSETCATALOG_COMPILER_APPICON_NAME = AppIcon;
				CODE_SIGN_IDENTITY = "iPhone Developer";
				"CODE_SIGN_IDENTITY[sdk=iphoneos*]" = "iPhone Developer";
				INFOPLIST_FILE = "Pipe Maze/Info.plist";
				IPHONEOS_DEPLOYMENT_TARGET = 8.0;
				LD_RUNPATH_SEARCH_PATHS = "$(inherited) @executable_path/Frameworks";
				PRODUCT_NAME = "$(TARGET_NAME)";
				PROVISIONING_PROFILE = "";
			};
			name = Release;
		};
		2E0DD6A61A6459B90076C5B6 /* Debug */ = {
			isa = XCBuildConfiguration;
			buildSettings = {
				BUNDLE_LOADER = "$(TEST_HOST)";
				FRAMEWORK_SEARCH_PATHS = (
					"$(SDKROOT)/Developer/Library/Frameworks",
					"$(inherited)",
				);
				GCC_PREPROCESSOR_DEFINITIONS = (
					"DEBUG=1",
					"$(inherited)",
				);
				INFOPLIST_FILE = "Pipe MazeTests/Info.plist";
				LD_RUNPATH_SEARCH_PATHS = "$(inherited) @executable_path/Frameworks @loader_path/Frameworks";
				PRODUCT_NAME = "$(TARGET_NAME)";
				TEST_HOST = "$(BUILT_PRODUCTS_DIR)/Pipe Maze.app/Pipe Maze";
			};
			name = Debug;
		};
		2E0DD6A71A6459B90076C5B6 /* Release */ = {
			isa = XCBuildConfiguration;
			buildSettings = {
				BUNDLE_LOADER = "$(TEST_HOST)";
				FRAMEWORK_SEARCH_PATHS = (
					"$(SDKROOT)/Developer/Library/Frameworks",
					"$(inherited)",
				);
				INFOPLIST_FILE = "Pipe MazeTests/Info.plist";
				LD_RUNPATH_SEARCH_PATHS = "$(inherited) @executable_path/Frameworks @loader_path/Frameworks";
				PRODUCT_NAME = "$(TARGET_NAME)";
				TEST_HOST = "$(BUILT_PRODUCTS_DIR)/Pipe Maze.app/Pipe Maze";
			};
			name = Release;
		};
/* End XCBuildConfiguration section */

/* Begin XCConfigurationList section */
		2E0DD6771A6459B90076C5B6 /* Build configuration list for PBXProject "Pipe Maze" */ = {
			isa = XCConfigurationList;
			buildConfigurations = (
				2E0DD6A01A6459B90076C5B6 /* Debug */,
				2E0DD6A11A6459B90076C5B6 /* Release */,
			);
			defaultConfigurationIsVisible = 0;
			defaultConfigurationName = Release;
		};
		2E0DD6A21A6459B90076C5B6 /* Build configuration list for PBXNativeTarget "Pipe Maze" */ = {
			isa = XCConfigurationList;
			buildConfigurations = (
				2E0DD6A31A6459B90076C5B6 /* Debug */,
				2E0DD6A41A6459B90076C5B6 /* Release */,
			);
			defaultConfigurationIsVisible = 0;
			defaultConfigurationName = Release;
		};
		2E0DD6A51A6459B90076C5B6 /* Build configuration list for PBXNativeTarget "Pipe MazeTests" */ = {
			isa = XCConfigurationList;
			buildConfigurations = (
				2E0DD6A61A6459B90076C5B6 /* Debug */,
				2E0DD6A71A6459B90076C5B6 /* Release */,
			);
			defaultConfigurationIsVisible = 0;
			defaultConfigurationName = Release;
		};
/* End XCConfigurationList section */

/* Begin XCVersionGroup section */
		2E0DD6861A6459B90076C5B6 /* Pipe_Maze.xcdatamodeld */ = {
			isa = XCVersionGroup;
			children = (
				2E0DD6871A6459B90076C5B6 /* Pipe_Maze.xcdatamodel */,
			);
			currentVersion = 2E0DD6871A6459B90076C5B6 /* Pipe_Maze.xcdatamodel */;
			path = Pipe_Maze.xcdatamodeld;
			sourceTree = "<group>";
			versionGroupType = wrapper.xcdatamodel;
		};
/* End XCVersionGroup section */
	};
	rootObject = 2E0DD6741A6459B90076C5B6 /* Project object */;
}
