// !$*UTF8*$!
{
	archiveVersion = 1;
	classes = {
	};
	objectVersion = 46;
	objects = {

/* Begin PBXBuildFile section */
		2E0DD6821A6459B90076C5B6 /* main.m in Sources */ = {isa = PBXBuildFile; fileRef = 2E0DD6811A6459B90076C5B6 /* main.m */; };
		2E0DD6851A6459B90076C5B6 /* AppDelegate.m in Sources */ = {isa = PBXBuildFile; fileRef = 2E0DD6841A6459B90076C5B6 /* AppDelegate.m */; };
		2E0DD6881A6459B90076C5B6 /* Pipe_Maze.xcdatamodeld in Sources */ = {isa = PBXBuildFile; fileRef = 2E0DD6861A6459B90076C5B6 /* Pipe_Maze.xcdatamodeld */; };
		2E0DD68E1A6459B90076C5B6 /* Main.storyboard in Resources */ = {isa = PBXBuildFile; fileRef = 2E0DD68C1A6459B90076C5B6 /* Main.storyboard */; };
		2E0DD6901A6459B90076C5B6 /* Images.xcassets in Resources */ = {isa = PBXBuildFile; fileRef = 2E0DD68F1A6459B90076C5B6 /* Images.xcassets */; };
		2E0DD6931A6459B90076C5B6 /* LaunchScreen.xib in Resources */ = {isa = PBXBuildFile; fileRef = 2E0DD6911A6459B90076C5B6 /* LaunchScreen.xib */; };
		2E0DD69F1A6459B90076C5B6 /* Pipe_MazeTests.m in Sources */ = {isa = PBXBuildFile; fileRef = 2E0DD69E1A6459B90076C5B6 /* Pipe_MazeTests.m */; };
		2E0DD6B31A6481620076C5B6 /* LevelView.m in Sources */ = {isa = PBXBuildFile; fileRef = 2E0DD6B21A6481620076C5B6 /* LevelView.m */; };
		2E0DD6B71A64907D0076C5B6 /* star.png in Resources */ = {isa = PBXBuildFile; fileRef = 2E0DD6B61A64907D0076C5B6 /* star.png */; };
		2E0DD6BA1A6490960076C5B6 /* StarView.m in Sources */ = {isa = PBXBuildFile; fileRef = 2E0DD6B91A6490960076C5B6 /* StarView.m */; };
		2E0DD6BC1A6492220076C5B6 /* starhighlighted.png in Resources */ = {isa = PBXBuildFile; fileRef = 2E0DD6BB1A6492220076C5B6 /* starhighlighted.png */; };
		2E0DD6BF1A649C360076C5B6 /* MazeView.m in Sources */ = {isa = PBXBuildFile; fileRef = 2E0DD6BE1A649C360076C5B6 /* MazeView.m */; };
		2E0DD6C21A64BE8C0076C5B6 /* WorldDAO.m in Sources */ = {isa = PBXBuildFile; fileRef = 2E0DD6C11A64BE8C0076C5B6 /* WorldDAO.m */; };
		2E14DDCD1A7B2DEB00939D37 /* MazePieceCollectionViewCell.m in Sources */ = {isa = PBXBuildFile; fileRef = 2E14DDCC1A7B2DEB00939D37 /* MazePieceCollectionViewCell.m */; };
		2E4112731A799AF000C09C67 /* FullScreenAdViewController.m in Sources */ = {isa = PBXBuildFile; fileRef = 2E4112721A799AF000C09C67 /* FullScreenAdViewController.m */; };
		2E4112761A79DFB100C09C67 /* NavigationViewController.m in Sources */ = {isa = PBXBuildFile; fileRef = 2E4112751A79DFB100C09C67 /* NavigationViewController.m */; };
		2E61FCC31A68717700364C5E /* level1.txt in Resources */ = {isa = PBXBuildFile; fileRef = 2E61FCC21A68717700364C5E /* level1.txt */; };
		2E61FCCA1A6871EA00364C5E /* LevelParser.m in Sources */ = {isa = PBXBuildFile; fileRef = 2E61FCC91A6871EA00364C5E /* LevelParser.m */; };
		2E61FCCD1A6871F800364C5E /* MazeViewController.m in Sources */ = {isa = PBXBuildFile; fileRef = 2E61FCCC1A6871F800364C5E /* MazeViewController.m */; };
		2E61FCD01A68745800364C5E /* Maze.m in Sources */ = {isa = PBXBuildFile; fileRef = 2E61FCCF1A68745800364C5E /* Maze.m */; };
		2E61FCD31A69B74B00364C5E /* MazeManager.m in Sources */ = {isa = PBXBuildFile; fileRef = 2E61FCD21A69B74B00364C5E /* MazeManager.m */; };
		2E61FCD61A6AC92900364C5E /* CompletedView.m in Sources */ = {isa = PBXBuildFile; fileRef = 2E61FCD51A6AC92900364C5E /* CompletedView.m */; };
		2E61FCD91A6AE6BC00364C5E /* UndoStack.m in Sources */ = {isa = PBXBuildFile; fileRef = 2E61FCD81A6AE6BC00364C5E /* UndoStack.m */; };
		2E61FCDC1A6AE86400364C5E /* MazeMove.m in Sources */ = {isa = PBXBuildFile; fileRef = 2E61FCDB1A6AE86400364C5E /* MazeMove.m */; };
		2E61FCDF1A6AFF1900364C5E /* SettingsTableViewController.m in Sources */ = {isa = PBXBuildFile; fileRef = 2E61FCDE1A6AFF1900364C5E /* SettingsTableViewController.m */; };
		2E61FCE21A6AFF3E00364C5E /* StoreTableViewController.m in Sources */ = {isa = PBXBuildFile; fileRef = 2E61FCE11A6AFF3E00364C5E /* StoreTableViewController.m */; };
		2E61FCE61A6B292F00364C5E /* MessageUI.framework in Frameworks */ = {isa = PBXBuildFile; fileRef = 2E61FCE31A6B291B00364C5E /* MessageUI.framework */; };
		2E61FCEB1A6B2A0200364C5E /* star@2x.png in Resources */ = {isa = PBXBuildFile; fileRef = 2E61FCE71A6B2A0200364C5E /* star@2x.png */; };
		2E61FCEC1A6B2A0200364C5E /* star@3x.png in Resources */ = {isa = PBXBuildFile; fileRef = 2E61FCE81A6B2A0200364C5E /* star@3x.png */; };
		2E61FCED1A6B2A0200364C5E /* starhighlighted@2x.png in Resources */ = {isa = PBXBuildFile; fileRef = 2E61FCE91A6B2A0200364C5E /* starhighlighted@2x.png */; };
		2E61FCEE1A6B2A0200364C5E /* starhighlighted@3x.png in Resources */ = {isa = PBXBuildFile; fileRef = 2E61FCEA1A6B2A0200364C5E /* starhighlighted@3x.png */; };
		2E61FCF01A6B301900364C5E /* iAd.framework in Frameworks */ = {isa = PBXBuildFile; fileRef = 2E61FCEF1A6B301900364C5E /* iAd.framework */; };
		2E7ACEB71A6B3D05002499C5 /* TutorialViewController.m in Sources */ = {isa = PBXBuildFile; fileRef = 2E7ACEB61A6B3D05002499C5 /* TutorialViewController.m */; };
		2E7ACECB1A6B523B002499C5 /* LevelViewController.m in Sources */ = {isa = PBXBuildFile; fileRef = 2E7ACECA1A6B523B002499C5 /* LevelViewController.m */; };
		2E7ACECE1A6B52E3002499C5 /* LevelTableViewCell.m in Sources */ = {isa = PBXBuildFile; fileRef = 2E7ACECD1A6B52E3002499C5 /* LevelTableViewCell.m */; };
		2E7ACED21A6B58E0002499C5 /* lock.png in Resources */ = {isa = PBXBuildFile; fileRef = 2E7ACECF1A6B58E0002499C5 /* lock.png */; };
		2E7ACED31A6B58E0002499C5 /* lock@2x.png in Resources */ = {isa = PBXBuildFile; fileRef = 2E7ACED01A6B58E0002499C5 /* lock@2x.png */; };
		2E7ACED41A6B58E0002499C5 /* lock@3x.png in Resources */ = {isa = PBXBuildFile; fileRef = 2E7ACED11A6B58E0002499C5 /* lock@3x.png */; };
		2E7ACEDB1A6B5D57002499C5 /* complete.png in Resources */ = {isa = PBXBuildFile; fileRef = 2E7ACED51A6B5D57002499C5 /* complete.png */; };
		2E7ACEDC1A6B5D57002499C5 /* leftover.png in Resources */ = {isa = PBXBuildFile; fileRef = 2E7ACED61A6B5D57002499C5 /* leftover.png */; };
		2E7ACEDD1A6B5D57002499C5 /* leftoveronedge.png in Resources */ = {isa = PBXBuildFile; fileRef = 2E7ACED71A6B5D57002499C5 /* leftoveronedge.png */; };
		2E7ACEDE1A6B5D57002499C5 /* place.png in Resources */ = {isa = PBXBuildFile; fileRef = 2E7ACED81A6B5D57002499C5 /* place.png */; };
		2E7ACEDF1A6B5D57002499C5 /* rotate.png in Resources */ = {isa = PBXBuildFile; fileRef = 2E7ACED91A6B5D57002499C5 /* rotate.png */; };
		2E7ACEE01A6B5D57002499C5 /* start.png in Resources */ = {isa = PBXBuildFile; fileRef = 2E7ACEDA1A6B5D57002499C5 /* start.png */; };
		2E7ACEE21A6B5E32002499C5 /* level2.txt in Resources */ = {isa = PBXBuildFile; fileRef = 2E7ACEE11A6B5E32002499C5 /* level2.txt */; };
		2E7ACEE41A6B5EBE002499C5 /* level3.txt in Resources */ = {isa = PBXBuildFile; fileRef = 2E7ACEE31A6B5EBE002499C5 /* level3.txt */; };
		2E7ACEE61A6B5FE7002499C5 /* level4.txt in Resources */ = {isa = PBXBuildFile; fileRef = 2E7ACEE51A6B5FE7002499C5 /* level4.txt */; };
		2E7ACEE81A6B60B6002499C5 /* level5.txt in Resources */ = {isa = PBXBuildFile; fileRef = 2E7ACEE71A6B60B6002499C5 /* level5.txt */; };
		2E7ACEEA1A6B6141002499C5 /* level6.txt in Resources */ = {isa = PBXBuildFile; fileRef = 2E7ACEE91A6B6141002499C5 /* level6.txt */; };
		2EC10B071A706AC50096716D /* level7.txt in Resources */ = {isa = PBXBuildFile; fileRef = 2EC10B061A706AC50096716D /* level7.txt */; };
		2EC10B091A706EEA0096716D /* level8.txt in Resources */ = {isa = PBXBuildFile; fileRef = 2EC10B081A706EEA0096716D /* level8.txt */; };
		2EC10B0B1A70817B0096716D /* level9.txt in Resources */ = {isa = PBXBuildFile; fileRef = 2EC10B0A1A70817B0096716D /* level9.txt */; };
		2EC10B0D1A7083100096716D /* level10.txt in Resources */ = {isa = PBXBuildFile; fileRef = 2EC10B0C1A7083100096716D /* level10.txt */; };
		2EC10B0F1A7084440096716D /* level11.txt in Resources */ = {isa = PBXBuildFile; fileRef = 2EC10B0E1A7084440096716D /* level11.txt */; };
		2EC10B111A7085940096716D /* level12.txt in Resources */ = {isa = PBXBuildFile; fileRef = 2EC10B101A7085940096716D /* level12.txt */; };
		2EC10B131A7087250096716D /* level13.txt in Resources */ = {isa = PBXBuildFile; fileRef = 2EC10B121A7087250096716D /* level13.txt */; };
		2EC10B151A7088720096716D /* level14.txt in Resources */ = {isa = PBXBuildFile; fileRef = 2EC10B141A7088720096716D /* level14.txt */; };
		2EC10B181A708BAE0096716D /* Level.m in Sources */ = {isa = PBXBuildFile; fileRef = 2EC10B171A708BAE0096716D /* Level.m */; };
		2EC10B1A1A709EFE0096716D /* level15.txt in Resources */ = {isa = PBXBuildFile; fileRef = 2EC10B191A709EFE0096716D /* level15.txt */; };
		2EC10B1C1A70A3230096716D /* level16.txt in Resources */ = {isa = PBXBuildFile; fileRef = 2EC10B1B1A70A3230096716D /* level16.txt */; };
		2EC10B1F1A70A5920096716D /* level17.txt in Resources */ = {isa = PBXBuildFile; fileRef = 2EC10B1D1A70A5920096716D /* level17.txt */; };
		2EC10B201A70A5920096716D /* level18.txt in Resources */ = {isa = PBXBuildFile; fileRef = 2EC10B1E1A70A5920096716D /* level18.txt */; };
		2EC10B251A70ADBB0096716D /* level19.txt in Resources */ = {isa = PBXBuildFile; fileRef = 2EC10B211A70ADBB0096716D /* level19.txt */; };
		2EC10B261A70ADBB0096716D /* level20.txt in Resources */ = {isa = PBXBuildFile; fileRef = 2EC10B221A70ADBB0096716D /* level20.txt */; };
		2EC10B271A70ADBB0096716D /* level21.txt in Resources */ = {isa = PBXBuildFile; fileRef = 2EC10B231A70ADBB0096716D /* level21.txt */; };
		2EC10B281A70ADBB0096716D /* level22.txt in Resources */ = {isa = PBXBuildFile; fileRef = 2EC10B241A70ADBB0096716D /* level22.txt */; };
		2EC10B2B1A70B0F00096716D /* level23.txt in Resources */ = {isa = PBXBuildFile; fileRef = 2EC10B291A70B0EF0096716D /* level23.txt */; };
		2EC10B2C1A70B0F00096716D /* level24.txt in Resources */ = {isa = PBXBuildFile; fileRef = 2EC10B2A1A70B0F00096716D /* level24.txt */; };
		2EC10B2E1A7172910096716D /* level25.txt in Resources */ = {isa = PBXBuildFile; fileRef = 2EC10B2D1A7172910096716D /* level25.txt */; };
		2EC8CB4E1A72FEDA00A3A45C /* level26.txt in Resources */ = {isa = PBXBuildFile; fileRef = 2EC8CB461A72FEDA00A3A45C /* level26.txt */; };
		2EC8CB4F1A72FEDA00A3A45C /* level27.txt in Resources */ = {isa = PBXBuildFile; fileRef = 2EC8CB471A72FEDA00A3A45C /* level27.txt */; };
		2EC8CB501A72FEDA00A3A45C /* level28.txt in Resources */ = {isa = PBXBuildFile; fileRef = 2EC8CB481A72FEDA00A3A45C /* level28.txt */; };
		2EC8CB511A72FEDA00A3A45C /* level29.txt in Resources */ = {isa = PBXBuildFile; fileRef = 2EC8CB491A72FEDA00A3A45C /* level29.txt */; };
		2EC8CB521A72FEDA00A3A45C /* level30.txt in Resources */ = {isa = PBXBuildFile; fileRef = 2EC8CB4A1A72FEDA00A3A45C /* level30.txt */; };
		2EC8CB531A72FEDA00A3A45C /* level31.txt in Resources */ = {isa = PBXBuildFile; fileRef = 2EC8CB4B1A72FEDA00A3A45C /* level31.txt */; };
		2EC8CB541A72FEDA00A3A45C /* level32.txt in Resources */ = {isa = PBXBuildFile; fileRef = 2EC8CB4C1A72FEDA00A3A45C /* level32.txt */; };
		2EC8CB551A72FEDA00A3A45C /* level33.txt in Resources */ = {isa = PBXBuildFile; fileRef = 2EC8CB4D1A72FEDA00A3A45C /* level33.txt */; };
		2EC8CB591A731D9200A3A45C /* level34.txt in Resources */ = {isa = PBXBuildFile; fileRef = 2EC8CB561A731D9200A3A45C /* level34.txt */; };
		2EC8CB5A1A731D9200A3A45C /* level35.txt in Resources */ = {isa = PBXBuildFile; fileRef = 2EC8CB571A731D9200A3A45C /* level35.txt */; };
		2EC8CB5B1A731D9200A3A45C /* level36.txt in Resources */ = {isa = PBXBuildFile; fileRef = 2EC8CB581A731D9200A3A45C /* level36.txt */; };
		2EC8CB611A73210900A3A45C /* level37.txt in Resources */ = {isa = PBXBuildFile; fileRef = 2EC8CB5C1A73210900A3A45C /* level37.txt */; };
		2EC8CB621A73210900A3A45C /* level38.txt in Resources */ = {isa = PBXBuildFile; fileRef = 2EC8CB5D1A73210900A3A45C /* level38.txt */; };
		2EC8CB631A73210900A3A45C /* level39.txt in Resources */ = {isa = PBXBuildFile; fileRef = 2EC8CB5E1A73210900A3A45C /* level39.txt */; };
		2EC8CB641A73210900A3A45C /* level40.txt in Resources */ = {isa = PBXBuildFile; fileRef = 2EC8CB5F1A73210900A3A45C /* level40.txt */; };
		2EC8CB651A73210900A3A45C /* level41.txt in Resources */ = {isa = PBXBuildFile; fileRef = 2EC8CB601A73210900A3A45C /* level41.txt */; };
		2EC8CB6D1A7342EA00A3A45C /* level42.txt in Resources */ = {isa = PBXBuildFile; fileRef = 2EC8CB661A7342EA00A3A45C /* level42.txt */; };
		2EC8CB6E1A7342EA00A3A45C /* level43.txt in Resources */ = {isa = PBXBuildFile; fileRef = 2EC8CB671A7342EA00A3A45C /* level43.txt */; };
		2EC8CB6F1A7342EA00A3A45C /* level44.txt in Resources */ = {isa = PBXBuildFile; fileRef = 2EC8CB681A7342EA00A3A45C /* level44.txt */; };
		2EC8CB701A7342EA00A3A45C /* level45.txt in Resources */ = {isa = PBXBuildFile; fileRef = 2EC8CB691A7342EA00A3A45C /* level45.txt */; };
		2EC8CB711A7342EA00A3A45C /* level46.txt in Resources */ = {isa = PBXBuildFile; fileRef = 2EC8CB6A1A7342EA00A3A45C /* level46.txt */; };
		2EC8CB721A7342EA00A3A45C /* level47.txt in Resources */ = {isa = PBXBuildFile; fileRef = 2EC8CB6B1A7342EA00A3A45C /* level47.txt */; };
		2EC8CB731A7342EA00A3A45C /* level48.txt in Resources */ = {isa = PBXBuildFile; fileRef = 2EC8CB6C1A7342EA00A3A45C /* level48.txt */; };
		2EC8CB771A741D8800A3A45C /* facebook.png in Resources */ = {isa = PBXBuildFile; fileRef = 2EC8CB741A741D8800A3A45C /* facebook.png */; };
		2EC8CB781A741D8800A3A45C /* facebook@2x.png in Resources */ = {isa = PBXBuildFile; fileRef = 2EC8CB751A741D8800A3A45C /* facebook@2x.png */; };
		2EC8CB791A741D8800A3A45C /* facebook@3x.png in Resources */ = {isa = PBXBuildFile; fileRef = 2EC8CB761A741D8800A3A45C /* facebook@3x.png */; };
		2EC8CB7D1A741D9500A3A45C /* twitter.png in Resources */ = {isa = PBXBuildFile; fileRef = 2EC8CB7A1A741D9500A3A45C /* twitter.png */; };
		2EC8CB7E1A741D9500A3A45C /* twitter@2x.png in Resources */ = {isa = PBXBuildFile; fileRef = 2EC8CB7B1A741D9500A3A45C /* twitter@2x.png */; };
		2EC8CB7F1A741D9500A3A45C /* twitter@3x.png in Resources */ = {isa = PBXBuildFile; fileRef = 2EC8CB7C1A741D9500A3A45C /* twitter@3x.png */; };
		2EDBAF441A659C4A006566BD /* settings@2x.png in Resources */ = {isa = PBXBuildFile; fileRef = 2EDBAF431A659C4A006566BD /* settings@2x.png */; };
		2EDBAF4A1A65ADD2006566BD /* settings.png in Resources */ = {isa = PBXBuildFile; fileRef = 2EDBAF451A65ADD2006566BD /* settings.png */; };
		2EDBAF4B1A65ADD2006566BD /* settings@3x.png in Resources */ = {isa = PBXBuildFile; fileRef = 2EDBAF461A65ADD2006566BD /* settings@3x.png */; };
		2EDBAF4C1A65ADD2006566BD /* undo.png in Resources */ = {isa = PBXBuildFile; fileRef = 2EDBAF471A65ADD2006566BD /* undo.png */; };
		2EDBAF4D1A65ADD2006566BD /* undo@2x.png in Resources */ = {isa = PBXBuildFile; fileRef = 2EDBAF481A65ADD2006566BD /* undo@2x.png */; };
		2EDBAF4E1A65ADD2006566BD /* undo@3x.png in Resources */ = {isa = PBXBuildFile; fileRef = 2EDBAF491A65ADD2006566BD /* undo@3x.png */; };
		2EDBAF551A65CCD5006566BD /* World.m in Sources */ = {isa = PBXBuildFile; fileRef = 2EDBAF541A65CCD5006566BD /* World.m */; };
		2EDBAF5A1A681116006566BD /* PiecesView.m in Sources */ = {isa = PBXBuildFile; fileRef = 2EDBAF591A681116006566BD /* PiecesView.m */; };
		2EDBAF5D1A68112B006566BD /* MazePieceView.m in Sources */ = {isa = PBXBuildFile; fileRef = 2EDBAF5C1A68112B006566BD /* MazePieceView.m */; };
		2EDBAF601A6811EE006566BD /* PMConstants.m in Sources */ = {isa = PBXBuildFile; fileRef = 2EDBAF5F1A6811EE006566BD /* PMConstants.m */; };
		2EDBAF631A681A6A006566BD /* MazePiece.m in Sources */ = {isa = PBXBuildFile; fileRef = 2EDBAF621A681A6A006566BD /* MazePiece.m */; };
		2EDBAF671A685E1F006566BD /* more.png in Resources */ = {isa = PBXBuildFile; fileRef = 2EDBAF641A685E1F006566BD /* more.png */; };
		2EDBAF681A685E1F006566BD /* more@2x.png in Resources */ = {isa = PBXBuildFile; fileRef = 2EDBAF651A685E1F006566BD /* more@2x.png */; };
		2EDBAF691A685E1F006566BD /* more@3x.png in Resources */ = {isa = PBXBuildFile; fileRef = 2EDBAF661A685E1F006566BD /* more@3x.png */; };
/* End PBXBuildFile section */

/* Begin PBXContainerItemProxy section */
		2E0DD6991A6459B90076C5B6 /* PBXContainerItemProxy */ = {
			isa = PBXContainerItemProxy;
			containerPortal = 2E0DD6741A6459B90076C5B6 /* Project object */;
			proxyType = 1;
			remoteGlobalIDString = 2E0DD67B1A6459B90076C5B6;
			remoteInfo = "Pipe Maze";
		};
/* End PBXContainerItemProxy section */

/* Begin PBXFileReference section */
		2E0DD67C1A6459B90076C5B6 /* Pipe Maze.app */ = {isa = PBXFileReference; explicitFileType = wrapper.application; includeInIndex = 0; path = "Pipe Maze.app"; sourceTree = BUILT_PRODUCTS_DIR; };
		2E0DD6801A6459B90076C5B6 /* Info.plist */ = {isa = PBXFileReference; lastKnownFileType = text.plist.xml; path = Info.plist; sourceTree = "<group>"; };
		2E0DD6811A6459B90076C5B6 /* main.m */ = {isa = PBXFileReference; lastKnownFileType = sourcecode.c.objc; path = main.m; sourceTree = "<group>"; };
		2E0DD6831A6459B90076C5B6 /* AppDelegate.h */ = {isa = PBXFileReference; lastKnownFileType = sourcecode.c.h; path = AppDelegate.h; sourceTree = "<group>"; };
		2E0DD6841A6459B90076C5B6 /* AppDelegate.m */ = {isa = PBXFileReference; lastKnownFileType = sourcecode.c.objc; path = AppDelegate.m; sourceTree = "<group>"; };
		2E0DD6871A6459B90076C5B6 /* Pipe_Maze.xcdatamodel */ = {isa = PBXFileReference; lastKnownFileType = wrapper.xcdatamodel; path = Pipe_Maze.xcdatamodel; sourceTree = "<group>"; };
		2E0DD68D1A6459B90076C5B6 /* Base */ = {isa = PBXFileReference; lastKnownFileType = file.storyboard; name = Base; path = Base.lproj/Main.storyboard; sourceTree = "<group>"; };
		2E0DD68F1A6459B90076C5B6 /* Images.xcassets */ = {isa = PBXFileReference; lastKnownFileType = folder.assetcatalog; path = Images.xcassets; sourceTree = "<group>"; };
		2E0DD6921A6459B90076C5B6 /* Base */ = {isa = PBXFileReference; lastKnownFileType = file.xib; name = Base; path = Base.lproj/LaunchScreen.xib; sourceTree = "<group>"; };
		2E0DD6981A6459B90076C5B6 /* Pipe MazeTests.xctest */ = {isa = PBXFileReference; explicitFileType = wrapper.cfbundle; includeInIndex = 0; path = "Pipe MazeTests.xctest"; sourceTree = BUILT_PRODUCTS_DIR; };
		2E0DD69D1A6459B90076C5B6 /* Info.plist */ = {isa = PBXFileReference; lastKnownFileType = text.plist.xml; path = Info.plist; sourceTree = "<group>"; };
		2E0DD69E1A6459B90076C5B6 /* Pipe_MazeTests.m */ = {isa = PBXFileReference; lastKnownFileType = sourcecode.c.objc; path = Pipe_MazeTests.m; sourceTree = "<group>"; };
		2E0DD6B11A6481620076C5B6 /* LevelView.h */ = {isa = PBXFileReference; fileEncoding = 4; lastKnownFileType = sourcecode.c.h; path = LevelView.h; sourceTree = "<group>"; };
		2E0DD6B21A6481620076C5B6 /* LevelView.m */ = {isa = PBXFileReference; fileEncoding = 4; lastKnownFileType = sourcecode.c.objc; path = LevelView.m; sourceTree = "<group>"; };
		2E0DD6B61A64907D0076C5B6 /* star.png */ = {isa = PBXFileReference; lastKnownFileType = image.png; name = star.png; path = images/star.png; sourceTree = "<group>"; };
		2E0DD6B81A6490960076C5B6 /* StarView.h */ = {isa = PBXFileReference; fileEncoding = 4; lastKnownFileType = sourcecode.c.h; path = StarView.h; sourceTree = "<group>"; };
		2E0DD6B91A6490960076C5B6 /* StarView.m */ = {isa = PBXFileReference; fileEncoding = 4; lastKnownFileType = sourcecode.c.objc; path = StarView.m; sourceTree = "<group>"; };
		2E0DD6BB1A6492220076C5B6 /* starhighlighted.png */ = {isa = PBXFileReference; lastKnownFileType = image.png; name = starhighlighted.png; path = images/starhighlighted.png; sourceTree = "<group>"; };
		2E0DD6BD1A649C360076C5B6 /* MazeView.h */ = {isa = PBXFileReference; fileEncoding = 4; lastKnownFileType = sourcecode.c.h; path = MazeView.h; sourceTree = "<group>"; };
		2E0DD6BE1A649C360076C5B6 /* MazeView.m */ = {isa = PBXFileReference; fileEncoding = 4; lastKnownFileType = sourcecode.c.objc; path = MazeView.m; sourceTree = "<group>"; };
		2E0DD6C01A64BE8C0076C5B6 /* WorldDAO.h */ = {isa = PBXFileReference; fileEncoding = 4; lastKnownFileType = sourcecode.c.h; path = WorldDAO.h; sourceTree = "<group>"; };
		2E0DD6C11A64BE8C0076C5B6 /* WorldDAO.m */ = {isa = PBXFileReference; fileEncoding = 4; lastKnownFileType = sourcecode.c.objc; path = WorldDAO.m; sourceTree = "<group>"; };
		2E14DDCB1A7B2DEB00939D37 /* MazePieceCollectionViewCell.h */ = {isa = PBXFileReference; fileEncoding = 4; lastKnownFileType = sourcecode.c.h; path = MazePieceCollectionViewCell.h; sourceTree = "<group>"; };
		2E14DDCC1A7B2DEB00939D37 /* MazePieceCollectionViewCell.m */ = {isa = PBXFileReference; fileEncoding = 4; lastKnownFileType = sourcecode.c.objc; path = MazePieceCollectionViewCell.m; sourceTree = "<group>"; };
		2E4112711A799AF000C09C67 /* FullScreenAdViewController.h */ = {isa = PBXFileReference; fileEncoding = 4; lastKnownFileType = sourcecode.c.h; path = FullScreenAdViewController.h; sourceTree = "<group>"; };
		2E4112721A799AF000C09C67 /* FullScreenAdViewController.m */ = {isa = PBXFileReference; fileEncoding = 4; lastKnownFileType = sourcecode.c.objc; path = FullScreenAdViewController.m; sourceTree = "<group>"; };
		2E4112741A79DFB100C09C67 /* NavigationViewController.h */ = {isa = PBXFileReference; fileEncoding = 4; lastKnownFileType = sourcecode.c.h; path = NavigationViewController.h; sourceTree = "<group>"; };
		2E4112751A79DFB100C09C67 /* NavigationViewController.m */ = {isa = PBXFileReference; fileEncoding = 4; lastKnownFileType = sourcecode.c.objc; path = NavigationViewController.m; sourceTree = "<group>"; };
		2E61FCC21A68717700364C5E /* level1.txt */ = {isa = PBXFileReference; fileEncoding = 4; lastKnownFileType = text; name = level1.txt; path = levels/level1.txt; sourceTree = "<group>"; };
		2E61FCC81A6871EA00364C5E /* LevelParser.h */ = {isa = PBXFileReference; fileEncoding = 4; lastKnownFileType = sourcecode.c.h; path = LevelParser.h; sourceTree = "<group>"; };
		2E61FCC91A6871EA00364C5E /* LevelParser.m */ = {isa = PBXFileReference; fileEncoding = 4; lastKnownFileType = sourcecode.c.objc; path = LevelParser.m; sourceTree = "<group>"; };
		2E61FCCB1A6871F800364C5E /* MazeViewController.h */ = {isa = PBXFileReference; fileEncoding = 4; lastKnownFileType = sourcecode.c.h; path = MazeViewController.h; sourceTree = "<group>"; };
		2E61FCCC1A6871F800364C5E /* MazeViewController.m */ = {isa = PBXFileReference; fileEncoding = 4; lastKnownFileType = sourcecode.c.objc; path = MazeViewController.m; sourceTree = "<group>"; };
		2E61FCCE1A68745800364C5E /* Maze.h */ = {isa = PBXFileReference; fileEncoding = 4; lastKnownFileType = sourcecode.c.h; path = Maze.h; sourceTree = "<group>"; };
		2E61FCCF1A68745800364C5E /* Maze.m */ = {isa = PBXFileReference; fileEncoding = 4; lastKnownFileType = sourcecode.c.objc; path = Maze.m; sourceTree = "<group>"; };
		2E61FCD11A69B74B00364C5E /* MazeManager.h */ = {isa = PBXFileReference; fileEncoding = 4; lastKnownFileType = sourcecode.c.h; path = MazeManager.h; sourceTree = "<group>"; };
		2E61FCD21A69B74B00364C5E /* MazeManager.m */ = {isa = PBXFileReference; fileEncoding = 4; lastKnownFileType = sourcecode.c.objc; path = MazeManager.m; sourceTree = "<group>"; };
		2E61FCD41A6AC92900364C5E /* CompletedView.h */ = {isa = PBXFileReference; fileEncoding = 4; lastKnownFileType = sourcecode.c.h; path = CompletedView.h; sourceTree = "<group>"; };
		2E61FCD51A6AC92900364C5E /* CompletedView.m */ = {isa = PBXFileReference; fileEncoding = 4; lastKnownFileType = sourcecode.c.objc; path = CompletedView.m; sourceTree = "<group>"; };
		2E61FCD71A6AE6BC00364C5E /* UndoStack.h */ = {isa = PBXFileReference; fileEncoding = 4; lastKnownFileType = sourcecode.c.h; path = UndoStack.h; sourceTree = "<group>"; };
		2E61FCD81A6AE6BC00364C5E /* UndoStack.m */ = {isa = PBXFileReference; fileEncoding = 4; lastKnownFileType = sourcecode.c.objc; path = UndoStack.m; sourceTree = "<group>"; };
		2E61FCDA1A6AE86400364C5E /* MazeMove.h */ = {isa = PBXFileReference; fileEncoding = 4; lastKnownFileType = sourcecode.c.h; path = MazeMove.h; sourceTree = "<group>"; };
		2E61FCDB1A6AE86400364C5E /* MazeMove.m */ = {isa = PBXFileReference; fileEncoding = 4; lastKnownFileType = sourcecode.c.objc; path = MazeMove.m; sourceTree = "<group>"; };
		2E61FCDD1A6AFF1900364C5E /* SettingsTableViewController.h */ = {isa = PBXFileReference; fileEncoding = 4; lastKnownFileType = sourcecode.c.h; path = SettingsTableViewController.h; sourceTree = "<group>"; };
		2E61FCDE1A6AFF1900364C5E /* SettingsTableViewController.m */ = {isa = PBXFileReference; fileEncoding = 4; lastKnownFileType = sourcecode.c.objc; path = SettingsTableViewController.m; sourceTree = "<group>"; };
		2E61FCE01A6AFF3E00364C5E /* StoreTableViewController.h */ = {isa = PBXFileReference; fileEncoding = 4; lastKnownFileType = sourcecode.c.h; path = StoreTableViewController.h; sourceTree = "<group>"; };
		2E61FCE11A6AFF3E00364C5E /* StoreTableViewController.m */ = {isa = PBXFileReference; fileEncoding = 4; lastKnownFileType = sourcecode.c.objc; path = StoreTableViewController.m; sourceTree = "<group>"; };
		2E61FCE31A6B291B00364C5E /* MessageUI.framework */ = {isa = PBXFileReference; lastKnownFileType = wrapper.framework; name = MessageUI.framework; path = System/Library/Frameworks/MessageUI.framework; sourceTree = SDKROOT; };
		2E61FCE71A6B2A0200364C5E /* star@2x.png */ = {isa = PBXFileReference; lastKnownFileType = image.png; name = "star@2x.png"; path = "images/star@2x.png"; sourceTree = "<group>"; };
		2E61FCE81A6B2A0200364C5E /* star@3x.png */ = {isa = PBXFileReference; lastKnownFileType = image.png; name = "star@3x.png"; path = "images/star@3x.png"; sourceTree = "<group>"; };
		2E61FCE91A6B2A0200364C5E /* starhighlighted@2x.png */ = {isa = PBXFileReference; lastKnownFileType = image.png; name = "starhighlighted@2x.png"; path = "images/starhighlighted@2x.png"; sourceTree = "<group>"; };
		2E61FCEA1A6B2A0200364C5E /* starhighlighted@3x.png */ = {isa = PBXFileReference; lastKnownFileType = image.png; name = "starhighlighted@3x.png"; path = "images/starhighlighted@3x.png"; sourceTree = "<group>"; };
		2E61FCEF1A6B301900364C5E /* iAd.framework */ = {isa = PBXFileReference; lastKnownFileType = wrapper.framework; name = iAd.framework; path = System/Library/Frameworks/iAd.framework; sourceTree = SDKROOT; };
		2E7ACEB51A6B3D05002499C5 /* TutorialViewController.h */ = {isa = PBXFileReference; fileEncoding = 4; lastKnownFileType = sourcecode.c.h; path = TutorialViewController.h; sourceTree = "<group>"; };
		2E7ACEB61A6B3D05002499C5 /* TutorialViewController.m */ = {isa = PBXFileReference; fileEncoding = 4; lastKnownFileType = sourcecode.c.objc; path = TutorialViewController.m; sourceTree = "<group>"; };
		2E7ACEC91A6B523B002499C5 /* LevelViewController.h */ = {isa = PBXFileReference; fileEncoding = 4; lastKnownFileType = sourcecode.c.h; name = LevelViewController.h; path = ../LevelViewController.h; sourceTree = "<group>"; };
		2E7ACECA1A6B523B002499C5 /* LevelViewController.m */ = {isa = PBXFileReference; fileEncoding = 4; lastKnownFileType = sourcecode.c.objc; name = LevelViewController.m; path = ../LevelViewController.m; sourceTree = "<group>"; };
		2E7ACECC1A6B52E3002499C5 /* LevelTableViewCell.h */ = {isa = PBXFileReference; fileEncoding = 4; lastKnownFileType = sourcecode.c.h; path = LevelTableViewCell.h; sourceTree = "<group>"; };
		2E7ACECD1A6B52E3002499C5 /* LevelTableViewCell.m */ = {isa = PBXFileReference; fileEncoding = 4; lastKnownFileType = sourcecode.c.objc; path = LevelTableViewCell.m; sourceTree = "<group>"; };
		2E7ACECF1A6B58E0002499C5 /* lock.png */ = {isa = PBXFileReference; lastKnownFileType = image.png; name = lock.png; path = images/lock.png; sourceTree = "<group>"; };
		2E7ACED01A6B58E0002499C5 /* lock@2x.png */ = {isa = PBXFileReference; lastKnownFileType = image.png; name = "lock@2x.png"; path = "images/lock@2x.png"; sourceTree = "<group>"; };
		2E7ACED11A6B58E0002499C5 /* lock@3x.png */ = {isa = PBXFileReference; lastKnownFileType = image.png; name = "lock@3x.png"; path = "images/lock@3x.png"; sourceTree = "<group>"; };
		2E7ACED51A6B5D57002499C5 /* complete.png */ = {isa = PBXFileReference; lastKnownFileType = image.png; name = complete.png; path = images/complete.png; sourceTree = "<group>"; };
		2E7ACED61A6B5D57002499C5 /* leftover.png */ = {isa = PBXFileReference; lastKnownFileType = image.png; name = leftover.png; path = images/leftover.png; sourceTree = "<group>"; };
		2E7ACED71A6B5D57002499C5 /* leftoveronedge.png */ = {isa = PBXFileReference; lastKnownFileType = image.png; name = leftoveronedge.png; path = images/leftoveronedge.png; sourceTree = "<group>"; };
		2E7ACED81A6B5D57002499C5 /* place.png */ = {isa = PBXFileReference; lastKnownFileType = image.png; name = place.png; path = images/place.png; sourceTree = "<group>"; };
		2E7ACED91A6B5D57002499C5 /* rotate.png */ = {isa = PBXFileReference; lastKnownFileType = image.png; name = rotate.png; path = images/rotate.png; sourceTree = "<group>"; };
		2E7ACEDA1A6B5D57002499C5 /* start.png */ = {isa = PBXFileReference; lastKnownFileType = image.png; name = start.png; path = images/start.png; sourceTree = "<group>"; };
		2E7ACEE11A6B5E32002499C5 /* level2.txt */ = {isa = PBXFileReference; fileEncoding = 4; lastKnownFileType = text; name = level2.txt; path = levels/level2.txt; sourceTree = "<group>"; };
		2E7ACEE31A6B5EBE002499C5 /* level3.txt */ = {isa = PBXFileReference; fileEncoding = 4; lastKnownFileType = text; name = level3.txt; path = levels/level3.txt; sourceTree = "<group>"; };
		2E7ACEE51A6B5FE7002499C5 /* level4.txt */ = {isa = PBXFileReference; fileEncoding = 4; lastKnownFileType = text; name = level4.txt; path = levels/level4.txt; sourceTree = "<group>"; };
		2E7ACEE71A6B60B6002499C5 /* level5.txt */ = {isa = PBXFileReference; fileEncoding = 4; lastKnownFileType = text; name = level5.txt; path = levels/level5.txt; sourceTree = "<group>"; };
		2E7ACEE91A6B6141002499C5 /* level6.txt */ = {isa = PBXFileReference; fileEncoding = 4; lastKnownFileType = text; name = level6.txt; path = levels/level6.txt; sourceTree = "<group>"; };
		2EC10B061A706AC50096716D /* level7.txt */ = {isa = PBXFileReference; fileEncoding = 4; lastKnownFileType = text; name = level7.txt; path = levels/level7.txt; sourceTree = "<group>"; };
		2EC10B081A706EEA0096716D /* level8.txt */ = {isa = PBXFileReference; fileEncoding = 4; lastKnownFileType = text; name = level8.txt; path = levels/level8.txt; sourceTree = "<group>"; };
		2EC10B0A1A70817B0096716D /* level9.txt */ = {isa = PBXFileReference; fileEncoding = 4; lastKnownFileType = text; name = level9.txt; path = levels/level9.txt; sourceTree = "<group>"; };
		2EC10B0C1A7083100096716D /* level10.txt */ = {isa = PBXFileReference; fileEncoding = 4; lastKnownFileType = text; name = level10.txt; path = levels/level10.txt; sourceTree = "<group>"; };
		2EC10B0E1A7084440096716D /* level11.txt */ = {isa = PBXFileReference; fileEncoding = 4; lastKnownFileType = text; name = level11.txt; path = levels/level11.txt; sourceTree = "<group>"; };
		2EC10B101A7085940096716D /* level12.txt */ = {isa = PBXFileReference; fileEncoding = 4; lastKnownFileType = text; name = level12.txt; path = levels/level12.txt; sourceTree = "<group>"; };
		2EC10B121A7087250096716D /* level13.txt */ = {isa = PBXFileReference; fileEncoding = 4; lastKnownFileType = text; name = level13.txt; path = levels/level13.txt; sourceTree = "<group>"; };
		2EC10B141A7088720096716D /* level14.txt */ = {isa = PBXFileReference; fileEncoding = 4; lastKnownFileType = text; name = level14.txt; path = levels/level14.txt; sourceTree = "<group>"; };
		2EC10B161A708BAE0096716D /* Level.h */ = {isa = PBXFileReference; fileEncoding = 4; lastKnownFileType = sourcecode.c.h; path = Level.h; sourceTree = "<group>"; };
		2EC10B171A708BAE0096716D /* Level.m */ = {isa = PBXFileReference; fileEncoding = 4; lastKnownFileType = sourcecode.c.objc; path = Level.m; sourceTree = "<group>"; };
		2EC10B191A709EFE0096716D /* level15.txt */ = {isa = PBXFileReference; fileEncoding = 4; lastKnownFileType = text; name = level15.txt; path = levels/level15.txt; sourceTree = "<group>"; };
		2EC10B1B1A70A3230096716D /* level16.txt */ = {isa = PBXFileReference; fileEncoding = 4; lastKnownFileType = text; name = level16.txt; path = levels/level16.txt; sourceTree = "<group>"; };
		2EC10B1D1A70A5920096716D /* level17.txt */ = {isa = PBXFileReference; fileEncoding = 4; lastKnownFileType = text; name = level17.txt; path = levels/level17.txt; sourceTree = "<group>"; };
		2EC10B1E1A70A5920096716D /* level18.txt */ = {isa = PBXFileReference; fileEncoding = 4; lastKnownFileType = text; name = level18.txt; path = levels/level18.txt; sourceTree = "<group>"; };
		2EC10B211A70ADBB0096716D /* level19.txt */ = {isa = PBXFileReference; fileEncoding = 4; lastKnownFileType = text; name = level19.txt; path = levels/level19.txt; sourceTree = "<group>"; };
		2EC10B221A70ADBB0096716D /* level20.txt */ = {isa = PBXFileReference; fileEncoding = 4; lastKnownFileType = text; name = level20.txt; path = levels/level20.txt; sourceTree = "<group>"; };
		2EC10B231A70ADBB0096716D /* level21.txt */ = {isa = PBXFileReference; fileEncoding = 4; lastKnownFileType = text; name = level21.txt; path = levels/level21.txt; sourceTree = "<group>"; };
		2EC10B241A70ADBB0096716D /* level22.txt */ = {isa = PBXFileReference; fileEncoding = 4; lastKnownFileType = text; name = level22.txt; path = levels/level22.txt; sourceTree = "<group>"; };
		2EC10B291A70B0EF0096716D /* level23.txt */ = {isa = PBXFileReference; fileEncoding = 4; lastKnownFileType = text; name = level23.txt; path = levels/level23.txt; sourceTree = "<group>"; };
		2EC10B2A1A70B0F00096716D /* level24.txt */ = {isa = PBXFileReference; fileEncoding = 4; lastKnownFileType = text; name = level24.txt; path = levels/level24.txt; sourceTree = "<group>"; };
		2EC10B2D1A7172910096716D /* level25.txt */ = {isa = PBXFileReference; fileEncoding = 4; lastKnownFileType = text; name = level25.txt; path = levels/level25.txt; sourceTree = "<group>"; };
		2EC8CB461A72FEDA00A3A45C /* level26.txt */ = {isa = PBXFileReference; fileEncoding = 4; lastKnownFileType = text; name = level26.txt; path = levels/level26.txt; sourceTree = "<group>"; };
		2EC8CB471A72FEDA00A3A45C /* level27.txt */ = {isa = PBXFileReference; fileEncoding = 4; lastKnownFileType = text; name = level27.txt; path = levels/level27.txt; sourceTree = "<group>"; };
		2EC8CB481A72FEDA00A3A45C /* level28.txt */ = {isa = PBXFileReference; fileEncoding = 4; lastKnownFileType = text; name = level28.txt; path = levels/level28.txt; sourceTree = "<group>"; };
		2EC8CB491A72FEDA00A3A45C /* level29.txt */ = {isa = PBXFileReference; fileEncoding = 4; lastKnownFileType = text; name = level29.txt; path = levels/level29.txt; sourceTree = "<group>"; };
		2EC8CB4A1A72FEDA00A3A45C /* level30.txt */ = {isa = PBXFileReference; fileEncoding = 4; lastKnownFileType = text; name = level30.txt; path = levels/level30.txt; sourceTree = "<group>"; };
		2EC8CB4B1A72FEDA00A3A45C /* level31.txt */ = {isa = PBXFileReference; fileEncoding = 4; lastKnownFileType = text; name = level31.txt; path = levels/level31.txt; sourceTree = "<group>"; };
		2EC8CB4C1A72FEDA00A3A45C /* level32.txt */ = {isa = PBXFileReference; fileEncoding = 4; lastKnownFileType = text; name = level32.txt; path = levels/level32.txt; sourceTree = "<group>"; };
		2EC8CB4D1A72FEDA00A3A45C /* level33.txt */ = {isa = PBXFileReference; fileEncoding = 4; lastKnownFileType = text; name = level33.txt; path = levels/level33.txt; sourceTree = "<group>"; };
		2EC8CB561A731D9200A3A45C /* level34.txt */ = {isa = PBXFileReference; fileEncoding = 4; lastKnownFileType = text; name = level34.txt; path = levels/level34.txt; sourceTree = "<group>"; };
		2EC8CB571A731D9200A3A45C /* level35.txt */ = {isa = PBXFileReference; fileEncoding = 4; lastKnownFileType = text; name = level35.txt; path = levels/level35.txt; sourceTree = "<group>"; };
		2EC8CB581A731D9200A3A45C /* level36.txt */ = {isa = PBXFileReference; fileEncoding = 4; lastKnownFileType = text; name = level36.txt; path = levels/level36.txt; sourceTree = "<group>"; };
		2EC8CB5C1A73210900A3A45C /* level37.txt */ = {isa = PBXFileReference; fileEncoding = 4; lastKnownFileType = text; name = level37.txt; path = levels/level37.txt; sourceTree = "<group>"; };
		2EC8CB5D1A73210900A3A45C /* level38.txt */ = {isa = PBXFileReference; fileEncoding = 4; lastKnownFileType = text; name = level38.txt; path = levels/level38.txt; sourceTree = "<group>"; };
		2EC8CB5E1A73210900A3A45C /* level39.txt */ = {isa = PBXFileReference; fileEncoding = 4; lastKnownFileType = text; name = level39.txt; path = levels/level39.txt; sourceTree = "<group>"; };
		2EC8CB5F1A73210900A3A45C /* level40.txt */ = {isa = PBXFileReference; fileEncoding = 4; lastKnownFileType = text; name = level40.txt; path = levels/level40.txt; sourceTree = "<group>"; };
		2EC8CB601A73210900A3A45C /* level41.txt */ = {isa = PBXFileReference; fileEncoding = 4; lastKnownFileType = text; name = level41.txt; path = levels/level41.txt; sourceTree = "<group>"; };
		2EC8CB661A7342EA00A3A45C /* level42.txt */ = {isa = PBXFileReference; fileEncoding = 4; lastKnownFileType = text; name = level42.txt; path = levels/level42.txt; sourceTree = "<group>"; };
		2EC8CB671A7342EA00A3A45C /* level43.txt */ = {isa = PBXFileReference; fileEncoding = 4; lastKnownFileType = text; name = level43.txt; path = levels/level43.txt; sourceTree = "<group>"; };
		2EC8CB681A7342EA00A3A45C /* level44.txt */ = {isa = PBXFileReference; fileEncoding = 4; lastKnownFileType = text; name = level44.txt; path = levels/level44.txt; sourceTree = "<group>"; };
		2EC8CB691A7342EA00A3A45C /* level45.txt */ = {isa = PBXFileReference; fileEncoding = 4; lastKnownFileType = text; name = level45.txt; path = levels/level45.txt; sourceTree = "<group>"; };
		2EC8CB6A1A7342EA00A3A45C /* level46.txt */ = {isa = PBXFileReference; fileEncoding = 4; lastKnownFileType = text; name = level46.txt; path = levels/level46.txt; sourceTree = "<group>"; };
		2EC8CB6B1A7342EA00A3A45C /* level47.txt */ = {isa = PBXFileReference; fileEncoding = 4; lastKnownFileType = text; name = level47.txt; path = levels/level47.txt; sourceTree = "<group>"; };
		2EC8CB6C1A7342EA00A3A45C /* level48.txt */ = {isa = PBXFileReference; fileEncoding = 4; lastKnownFileType = text; name = level48.txt; path = levels/level48.txt; sourceTree = "<group>"; };
		2EC8CB741A741D8800A3A45C /* facebook.png */ = {isa = PBXFileReference; lastKnownFileType = image.png; name = facebook.png; path = "images/Facebook Assets/facebook.png"; sourceTree = "<group>"; };
		2EC8CB751A741D8800A3A45C /* facebook@2x.png */ = {isa = PBXFileReference; lastKnownFileType = image.png; name = "facebook@2x.png"; path = "images/Facebook Assets/facebook@2x.png"; sourceTree = "<group>"; };
		2EC8CB761A741D8800A3A45C /* facebook@3x.png */ = {isa = PBXFileReference; lastKnownFileType = image.png; name = "facebook@3x.png"; path = "images/Facebook Assets/facebook@3x.png"; sourceTree = "<group>"; };
		2EC8CB7A1A741D9500A3A45C /* twitter.png */ = {isa = PBXFileReference; lastKnownFileType = image.png; name = twitter.png; path = "images/Twitter Assets/twitter.png"; sourceTree = "<group>"; };
		2EC8CB7B1A741D9500A3A45C /* twitter@2x.png */ = {isa = PBXFileReference; lastKnownFileType = image.png; name = "twitter@2x.png"; path = "images/Twitter Assets/twitter@2x.png"; sourceTree = "<group>"; };
		2EC8CB7C1A741D9500A3A45C /* twitter@3x.png */ = {isa = PBXFileReference; lastKnownFileType = image.png; name = "twitter@3x.png"; path = "images/Twitter Assets/twitter@3x.png"; sourceTree = "<group>"; };
		2EDBAF431A659C4A006566BD /* settings@2x.png */ = {isa = PBXFileReference; lastKnownFileType = image.png; name = "settings@2x.png"; path = "images/settings@2x.png"; sourceTree = "<group>"; };
		2EDBAF451A65ADD2006566BD /* settings.png */ = {isa = PBXFileReference; lastKnownFileType = image.png; name = settings.png; path = images/settings.png; sourceTree = "<group>"; };
		2EDBAF461A65ADD2006566BD /* settings@3x.png */ = {isa = PBXFileReference; lastKnownFileType = image.png; name = "settings@3x.png"; path = "images/settings@3x.png"; sourceTree = "<group>"; };
		2EDBAF471A65ADD2006566BD /* undo.png */ = {isa = PBXFileReference; lastKnownFileType = image.png; name = undo.png; path = images/undo.png; sourceTree = "<group>"; };
		2EDBAF481A65ADD2006566BD /* undo@2x.png */ = {isa = PBXFileReference; lastKnownFileType = image.png; name = "undo@2x.png"; path = "images/undo@2x.png"; sourceTree = "<group>"; };
		2EDBAF491A65ADD2006566BD /* undo@3x.png */ = {isa = PBXFileReference; lastKnownFileType = image.png; name = "undo@3x.png"; path = "images/undo@3x.png"; sourceTree = "<group>"; };
		2EDBAF531A65CCD5006566BD /* World.h */ = {isa = PBXFileReference; fileEncoding = 4; lastKnownFileType = sourcecode.c.h; path = World.h; sourceTree = "<group>"; };
		2EDBAF541A65CCD5006566BD /* World.m */ = {isa = PBXFileReference; fileEncoding = 4; lastKnownFileType = sourcecode.c.objc; path = World.m; sourceTree = "<group>"; };
		2EDBAF581A681116006566BD /* PiecesView.h */ = {isa = PBXFileReference; fileEncoding = 4; lastKnownFileType = sourcecode.c.h; path = PiecesView.h; sourceTree = "<group>"; };
		2EDBAF591A681116006566BD /* PiecesView.m */ = {isa = PBXFileReference; fileEncoding = 4; lastKnownFileType = sourcecode.c.objc; path = PiecesView.m; sourceTree = "<group>"; };
		2EDBAF5B1A68112B006566BD /* MazePieceView.h */ = {isa = PBXFileReference; fileEncoding = 4; lastKnownFileType = sourcecode.c.h; path = MazePieceView.h; sourceTree = "<group>"; };
		2EDBAF5C1A68112B006566BD /* MazePieceView.m */ = {isa = PBXFileReference; fileEncoding = 4; lastKnownFileType = sourcecode.c.objc; path = MazePieceView.m; sourceTree = "<group>"; };
		2EDBAF5E1A6811EE006566BD /* PMConstants.h */ = {isa = PBXFileReference; fileEncoding = 4; lastKnownFileType = sourcecode.c.h; path = PMConstants.h; sourceTree = "<group>"; };
		2EDBAF5F1A6811EE006566BD /* PMConstants.m */ = {isa = PBXFileReference; fileEncoding = 4; lastKnownFileType = sourcecode.c.objc; path = PMConstants.m; sourceTree = "<group>"; };
		2EDBAF611A681A6A006566BD /* MazePiece.h */ = {isa = PBXFileReference; fileEncoding = 4; lastKnownFileType = sourcecode.c.h; path = MazePiece.h; sourceTree = "<group>"; };
		2EDBAF621A681A6A006566BD /* MazePiece.m */ = {isa = PBXFileReference; fileEncoding = 4; lastKnownFileType = sourcecode.c.objc; path = MazePiece.m; sourceTree = "<group>"; };
		2EDBAF641A685E1F006566BD /* more.png */ = {isa = PBXFileReference; lastKnownFileType = image.png; name = more.png; path = images/more.png; sourceTree = "<group>"; };
		2EDBAF651A685E1F006566BD /* more@2x.png */ = {isa = PBXFileReference; lastKnownFileType = image.png; name = "more@2x.png"; path = "images/more@2x.png"; sourceTree = "<group>"; };
		2EDBAF661A685E1F006566BD /* more@3x.png */ = {isa = PBXFileReference; lastKnownFileType = image.png; name = "more@3x.png"; path = "images/more@3x.png"; sourceTree = "<group>"; };
/* End PBXFileReference section */

/* Begin PBXFrameworksBuildPhase section */
		2E0DD6791A6459B90076C5B6 /* Frameworks */ = {
			isa = PBXFrameworksBuildPhase;
			buildActionMask = 2147483647;
			files = (
				2E61FCF01A6B301900364C5E /* iAd.framework in Frameworks */,
				2E61FCE61A6B292F00364C5E /* MessageUI.framework in Frameworks */,
			);
			runOnlyForDeploymentPostprocessing = 0;
		};
		2E0DD6951A6459B90076C5B6 /* Frameworks */ = {
			isa = PBXFrameworksBuildPhase;
			buildActionMask = 2147483647;
			files = (
			);
			runOnlyForDeploymentPostprocessing = 0;
		};
/* End PBXFrameworksBuildPhase section */

/* Begin PBXGroup section */
		2E0DD6731A6459B90076C5B6 = {
			isa = PBXGroup;
			children = (
				2E61FCE51A6B291F00364C5E /* Frameworks */,
				2E61FCC41A68717C00364C5E /* levels */,
				2EDBAF4F1A65B61B006566BD /* Images */,
				2E0DD67E1A6459B90076C5B6 /* Pipe Maze */,
				2E0DD69B1A6459B90076C5B6 /* Pipe MazeTests */,
				2E0DD67D1A6459B90076C5B6 /* Products */,
			);
			sourceTree = "<group>";
		};
		2E0DD67D1A6459B90076C5B6 /* Products */ = {
			isa = PBXGroup;
			children = (
				2E0DD67C1A6459B90076C5B6 /* Pipe Maze.app */,
				2E0DD6981A6459B90076C5B6 /* Pipe MazeTests.xctest */,
			);
			name = Products;
			sourceTree = "<group>";
		};
		2E0DD67E1A6459B90076C5B6 /* Pipe Maze */ = {
			isa = PBXGroup;
			children = (
				2E0DD6831A6459B90076C5B6 /* AppDelegate.h */,
				2E0DD6841A6459B90076C5B6 /* AppDelegate.m */,
				2E0DD68C1A6459B90076C5B6 /* Main.storyboard */,
				2E0DD6B51A6481740076C5B6 /* View Controllers */,
				2EDBAF561A65CCDE006566BD /* Models */,
				2E0DD6B41A6481680076C5B6 /* Views */,
				2E0DD68F1A6459B90076C5B6 /* Images.xcassets */,
				2E0DD6911A6459B90076C5B6 /* LaunchScreen.xib */,
				2E0DD6861A6459B90076C5B6 /* Pipe_Maze.xcdatamodeld */,
				2E0DD67F1A6459B90076C5B6 /* Supporting Files */,
			);
			path = "Pipe Maze";
			sourceTree = "<group>";
		};
		2E0DD67F1A6459B90076C5B6 /* Supporting Files */ = {
			isa = PBXGroup;
			children = (
				2E0DD6801A6459B90076C5B6 /* Info.plist */,
				2E0DD6811A6459B90076C5B6 /* main.m */,
			);
			name = "Supporting Files";
			sourceTree = "<group>";
		};
		2E0DD69B1A6459B90076C5B6 /* Pipe MazeTests */ = {
			isa = PBXGroup;
			children = (
				2E0DD69E1A6459B90076C5B6 /* Pipe_MazeTests.m */,
				2E0DD69C1A6459B90076C5B6 /* Supporting Files */,
			);
			path = "Pipe MazeTests";
			sourceTree = "<group>";
		};
		2E0DD69C1A6459B90076C5B6 /* Supporting Files */ = {
			isa = PBXGroup;
			children = (
				2E0DD69D1A6459B90076C5B6 /* Info.plist */,
			);
			name = "Supporting Files";
			sourceTree = "<group>";
		};
		2E0DD6B41A6481680076C5B6 /* Views */ = {
			isa = PBXGroup;
			children = (
				2E7ACECC1A6B52E3002499C5 /* LevelTableViewCell.h */,
				2E7ACECD1A6B52E3002499C5 /* LevelTableViewCell.m */,
				2E61FCD41A6AC92900364C5E /* CompletedView.h */,
				2E61FCD51A6AC92900364C5E /* CompletedView.m */,
				2E0DD6B81A6490960076C5B6 /* StarView.h */,
				2E0DD6B91A6490960076C5B6 /* StarView.m */,
				2E0DD6B11A6481620076C5B6 /* LevelView.h */,
				2E0DD6B21A6481620076C5B6 /* LevelView.m */,
				2E0DD6BD1A649C360076C5B6 /* MazeView.h */,
				2E0DD6BE1A649C360076C5B6 /* MazeView.m */,
				2E14DDCB1A7B2DEB00939D37 /* MazePieceCollectionViewCell.h */,
				2E14DDCC1A7B2DEB00939D37 /* MazePieceCollectionViewCell.m */,
				2EDBAF581A681116006566BD /* PiecesView.h */,
				2EDBAF591A681116006566BD /* PiecesView.m */,
				2EDBAF5B1A68112B006566BD /* MazePieceView.h */,
				2EDBAF5C1A68112B006566BD /* MazePieceView.m */,
				2EDBAF611A681A6A006566BD /* MazePiece.h */,
				2EDBAF621A681A6A006566BD /* MazePiece.m */,
			);
			name = Views;
			sourceTree = "<group>";
		};
		2E0DD6B51A6481740076C5B6 /* View Controllers */ = {
			isa = PBXGroup;
			children = (
				2E7ACEC91A6B523B002499C5 /* LevelViewController.h */,
				2E7ACECA1A6B523B002499C5 /* LevelViewController.m */,
				2E4112711A799AF000C09C67 /* FullScreenAdViewController.h */,
				2E4112721A799AF000C09C67 /* FullScreenAdViewController.m */,
				2E7ACEB51A6B3D05002499C5 /* TutorialViewController.h */,
				2E7ACEB61A6B3D05002499C5 /* TutorialViewController.m */,
				2E61FCCB1A6871F800364C5E /* MazeViewController.h */,
				2E61FCCC1A6871F800364C5E /* MazeViewController.m */,
				2E4112741A79DFB100C09C67 /* NavigationViewController.h */,
				2E4112751A79DFB100C09C67 /* NavigationViewController.m */,
				2E61FCDD1A6AFF1900364C5E /* SettingsTableViewController.h */,
				2E61FCDE1A6AFF1900364C5E /* SettingsTableViewController.m */,
				2E61FCE01A6AFF3E00364C5E /* StoreTableViewController.h */,
				2E61FCE11A6AFF3E00364C5E /* StoreTableViewController.m */,
			);
			name = "View Controllers";
			sourceTree = "<group>";
		};
		2E61FCC41A68717C00364C5E /* levels */ = {
			isa = PBXGroup;
			children = (
				2E61FCC21A68717700364C5E /* level1.txt */,
				2E7ACEE11A6B5E32002499C5 /* level2.txt */,
				2E7ACEE31A6B5EBE002499C5 /* level3.txt */,
				2E7ACEE51A6B5FE7002499C5 /* level4.txt */,
				2E7ACEE71A6B60B6002499C5 /* level5.txt */,
				2E7ACEE91A6B6141002499C5 /* level6.txt */,
				2EC10B061A706AC50096716D /* level7.txt */,
				2EC10B081A706EEA0096716D /* level8.txt */,
				2EC10B0A1A70817B0096716D /* level9.txt */,
				2EC10B0C1A7083100096716D /* level10.txt */,
				2EC10B0E1A7084440096716D /* level11.txt */,
				2EC10B101A7085940096716D /* level12.txt */,
				2EC10B121A7087250096716D /* level13.txt */,
				2EC10B141A7088720096716D /* level14.txt */,
				2EC10B191A709EFE0096716D /* level15.txt */,
				2EC10B1B1A70A3230096716D /* level16.txt */,
				2EC10B1D1A70A5920096716D /* level17.txt */,
				2EC10B1E1A70A5920096716D /* level18.txt */,
				2EC10B211A70ADBB0096716D /* level19.txt */,
				2EC10B221A70ADBB0096716D /* level20.txt */,
				2EC10B231A70ADBB0096716D /* level21.txt */,
				2EC10B241A70ADBB0096716D /* level22.txt */,
				2EC10B291A70B0EF0096716D /* level23.txt */,
				2EC10B2A1A70B0F00096716D /* level24.txt */,
				2EC10B2D1A7172910096716D /* level25.txt */,
				2EC8CB461A72FEDA00A3A45C /* level26.txt */,
				2EC8CB471A72FEDA00A3A45C /* level27.txt */,
				2EC8CB481A72FEDA00A3A45C /* level28.txt */,
				2EC8CB491A72FEDA00A3A45C /* level29.txt */,
				2EC8CB4A1A72FEDA00A3A45C /* level30.txt */,
				2EC8CB4B1A72FEDA00A3A45C /* level31.txt */,
				2EC8CB4C1A72FEDA00A3A45C /* level32.txt */,
				2EC8CB4D1A72FEDA00A3A45C /* level33.txt */,
				2EC8CB561A731D9200A3A45C /* level34.txt */,
				2EC8CB571A731D9200A3A45C /* level35.txt */,
				2EC8CB581A731D9200A3A45C /* level36.txt */,
				2EC8CB5C1A73210900A3A45C /* level37.txt */,
				2EC8CB5D1A73210900A3A45C /* level38.txt */,
				2EC8CB5E1A73210900A3A45C /* level39.txt */,
				2EC8CB5F1A73210900A3A45C /* level40.txt */,
				2EC8CB601A73210900A3A45C /* level41.txt */,
				2EC8CB661A7342EA00A3A45C /* level42.txt */,
				2EC8CB671A7342EA00A3A45C /* level43.txt */,
				2EC8CB681A7342EA00A3A45C /* level44.txt */,
				2EC8CB691A7342EA00A3A45C /* level45.txt */,
				2EC8CB6A1A7342EA00A3A45C /* level46.txt */,
				2EC8CB6B1A7342EA00A3A45C /* level47.txt */,
				2EC8CB6C1A7342EA00A3A45C /* level48.txt */,
			);
			name = levels;
			sourceTree = "<group>";
		};
		2E61FCE51A6B291F00364C5E /* Frameworks */ = {
			isa = PBXGroup;
			children = (
				2E61FCEF1A6B301900364C5E /* iAd.framework */,
				2E61FCE31A6B291B00364C5E /* MessageUI.framework */,
			);
			name = Frameworks;
			sourceTree = "<group>";
		};
		2EDBAF4F1A65B61B006566BD /* Images */ = {
			isa = PBXGroup;
			children = (
				2E7ACED51A6B5D57002499C5 /* complete.png */,
				2E7ACED61A6B5D57002499C5 /* leftover.png */,
				2E7ACED71A6B5D57002499C5 /* leftoveronedge.png */,
				2E7ACED81A6B5D57002499C5 /* place.png */,
				2E7ACED91A6B5D57002499C5 /* rotate.png */,
				2E7ACEDA1A6B5D57002499C5 /* start.png */,
				2E7ACECF1A6B58E0002499C5 /* lock.png */,
				2E7ACED01A6B58E0002499C5 /* lock@2x.png */,
				2E7ACED11A6B58E0002499C5 /* lock@3x.png */,
				2E0DD6B61A64907D0076C5B6 /* star.png */,
				2E61FCE71A6B2A0200364C5E /* star@2x.png */,
				2E61FCE81A6B2A0200364C5E /* star@3x.png */,
				2E0DD6BB1A6492220076C5B6 /* starhighlighted.png */,
				2E61FCE91A6B2A0200364C5E /* starhighlighted@2x.png */,
				2E61FCEA1A6B2A0200364C5E /* starhighlighted@3x.png */,
				2EDBAF641A685E1F006566BD /* more.png */,
				2EDBAF651A685E1F006566BD /* more@2x.png */,
				2EDBAF661A685E1F006566BD /* more@3x.png */,
				2EDBAF451A65ADD2006566BD /* settings.png */,
				2EDBAF431A659C4A006566BD /* settings@2x.png */,
				2EDBAF461A65ADD2006566BD /* settings@3x.png */,
				2EDBAF471A65ADD2006566BD /* undo.png */,
				2EDBAF481A65ADD2006566BD /* undo@2x.png */,
				2EDBAF491A65ADD2006566BD /* undo@3x.png */,
				2EC8CB741A741D8800A3A45C /* facebook.png */,
				2EC8CB751A741D8800A3A45C /* facebook@2x.png */,
				2EC8CB761A741D8800A3A45C /* facebook@3x.png */,
				2EC8CB7A1A741D9500A3A45C /* twitter.png */,
				2EC8CB7B1A741D9500A3A45C /* twitter@2x.png */,
				2EC8CB7C1A741D9500A3A45C /* twitter@3x.png */,
			);
			name = Images;
			sourceTree = "<group>";
		};
		2EDBAF561A65CCDE006566BD /* Models */ = {
			isa = PBXGroup;
			children = (
				2E61FCCE1A68745800364C5E /* Maze.h */,
				2E61FCCF1A68745800364C5E /* Maze.m */,
				2E61FCD11A69B74B00364C5E /* MazeManager.h */,
				2E61FCD21A69B74B00364C5E /* MazeManager.m */,
				2E61FCC81A6871EA00364C5E /* LevelParser.h */,
				2E61FCC91A6871EA00364C5E /* LevelParser.m */,
				2E61FCD71A6AE6BC00364C5E /* UndoStack.h */,
				2E61FCD81A6AE6BC00364C5E /* UndoStack.m */,
				2E61FCDA1A6AE86400364C5E /* MazeMove.h */,
				2E61FCDB1A6AE86400364C5E /* MazeMove.m */,
				2EDBAF5E1A6811EE006566BD /* PMConstants.h */,
				2EDBAF5F1A6811EE006566BD /* PMConstants.m */,
				2E0DD6C01A64BE8C0076C5B6 /* WorldDAO.h */,
				2E0DD6C11A64BE8C0076C5B6 /* WorldDAO.m */,
				2EDBAF571A65CCE8006566BD /* Core Data */,
			);
			name = Models;
			sourceTree = "<group>";
		};
		2EDBAF571A65CCE8006566BD /* Core Data */ = {
			isa = PBXGroup;
			children = (
				2EDBAF531A65CCD5006566BD /* World.h */,
				2EDBAF541A65CCD5006566BD /* World.m */,
				2EC10B161A708BAE0096716D /* Level.h */,
				2EC10B171A708BAE0096716D /* Level.m */,
			);
			name = "Core Data";
			sourceTree = "<group>";
		};
/* End PBXGroup section */

/* Begin PBXNativeTarget section */
		2E0DD67B1A6459B90076C5B6 /* Pipe Maze */ = {
			isa = PBXNativeTarget;
			buildConfigurationList = 2E0DD6A21A6459B90076C5B6 /* Build configuration list for PBXNativeTarget "Pipe Maze" */;
			buildPhases = (
				2E0DD6781A6459B90076C5B6 /* Sources */,
				2E0DD6791A6459B90076C5B6 /* Frameworks */,
				2E0DD67A1A6459B90076C5B6 /* Resources */,
			);
			buildRules = (
			);
			dependencies = (
			);
			name = "Pipe Maze";
			productName = "Pipe Maze";
			productReference = 2E0DD67C1A6459B90076C5B6 /* Pipe Maze.app */;
			productType = "com.apple.product-type.application";
		};
		2E0DD6971A6459B90076C5B6 /* Pipe MazeTests */ = {
			isa = PBXNativeTarget;
			buildConfigurationList = 2E0DD6A51A6459B90076C5B6 /* Build configuration list for PBXNativeTarget "Pipe MazeTests" */;
			buildPhases = (
				2E0DD6941A6459B90076C5B6 /* Sources */,
				2E0DD6951A6459B90076C5B6 /* Frameworks */,
				2E0DD6961A6459B90076C5B6 /* Resources */,
			);
			buildRules = (
			);
			dependencies = (
				2E0DD69A1A6459B90076C5B6 /* PBXTargetDependency */,
			);
			name = "Pipe MazeTests";
			productName = "Pipe MazeTests";
			productReference = 2E0DD6981A6459B90076C5B6 /* Pipe MazeTests.xctest */;
			productType = "com.apple.product-type.bundle.unit-test";
		};
/* End PBXNativeTarget section */

/* Begin PBXProject section */
		2E0DD6741A6459B90076C5B6 /* Project object */ = {
			isa = PBXProject;
			attributes = {
				LastUpgradeCheck = 0610;
				ORGANIZATIONNAME = "John Arendt";
				TargetAttributes = {
					2E0DD67B1A6459B90076C5B6 = {
						CreatedOnToolsVersion = 6.1.1;
						DevelopmentTeam = 35RV9RPQY7;
					};
					2E0DD6971A6459B90076C5B6 = {
						CreatedOnToolsVersion = 6.1.1;
						TestTargetID = 2E0DD67B1A6459B90076C5B6;
					};
				};
			};
			buildConfigurationList = 2E0DD6771A6459B90076C5B6 /* Build configuration list for PBXProject "Pipe Maze" */;
			compatibilityVersion = "Xcode 3.2";
			developmentRegion = English;
			hasScannedForEncodings = 0;
			knownRegions = (
				en,
				Base,
			);
			mainGroup = 2E0DD6731A6459B90076C5B6;
			productRefGroup = 2E0DD67D1A6459B90076C5B6 /* Products */;
			projectDirPath = "";
			projectRoot = "";
			targets = (
				2E0DD67B1A6459B90076C5B6 /* Pipe Maze */,
				2E0DD6971A6459B90076C5B6 /* Pipe MazeTests */,
			);
		};
/* End PBXProject section */

/* Begin PBXResourcesBuildPhase section */
		2E0DD67A1A6459B90076C5B6 /* Resources */ = {
			isa = PBXResourcesBuildPhase;
			buildActionMask = 2147483647;
			files = (
				2E61FCC31A68717700364C5E /* level1.txt in Resources */,
				2EC8CB621A73210900A3A45C /* level38.txt in Resources */,
				2EC10B111A7085940096716D /* level12.txt in Resources */,
				2E7ACEDE1A6B5D57002499C5 /* place.png in Resources */,
				2EC10B281A70ADBB0096716D /* level22.txt in Resources */,
				2EC8CB771A741D8800A3A45C /* facebook.png in Resources */,
				2E7ACED21A6B58E0002499C5 /* lock.png in Resources */,
				2EC10B271A70ADBB0096716D /* level21.txt in Resources */,
				2EC10B0D1A7083100096716D /* level10.txt in Resources */,
				2EC10B131A7087250096716D /* level13.txt in Resources */,
				2EDBAF691A685E1F006566BD /* more@3x.png in Resources */,
				2EC8CB6F1A7342EA00A3A45C /* level44.txt in Resources */,
				2E61FCEB1A6B2A0200364C5E /* star@2x.png in Resources */,
				2E7ACEE81A6B60B6002499C5 /* level5.txt in Resources */,
				2E7ACEDD1A6B5D57002499C5 /* leftoveronedge.png in Resources */,
				2E7ACEE01A6B5D57002499C5 /* start.png in Resources */,
				2EC8CB781A741D8800A3A45C /* facebook@2x.png in Resources */,
				2E0DD68E1A6459B90076C5B6 /* Main.storyboard in Resources */,
				2EDBAF4A1A65ADD2006566BD /* settings.png in Resources */,
				2E7ACEDF1A6B5D57002499C5 /* rotate.png in Resources */,
				2EC10B151A7088720096716D /* level14.txt in Resources */,
				2E7ACED41A6B58E0002499C5 /* lock@3x.png in Resources */,
				2EDBAF671A685E1F006566BD /* more.png in Resources */,
				2EC10B261A70ADBB0096716D /* level20.txt in Resources */,
				2EC10B1C1A70A3230096716D /* level16.txt in Resources */,
				2EDBAF4E1A65ADD2006566BD /* undo@3x.png in Resources */,
				2EC8CB4F1A72FEDA00A3A45C /* level27.txt in Resources */,
				2EC10B251A70ADBB0096716D /* level19.txt in Resources */,
				2E7ACEE21A6B5E32002499C5 /* level2.txt in Resources */,
				2EC8CB531A72FEDA00A3A45C /* level31.txt in Resources */,
				2EC8CB7F1A741D9500A3A45C /* twitter@3x.png in Resources */,
				2EC8CB7E1A741D9500A3A45C /* twitter@2x.png in Resources */,
				2EDBAF4D1A65ADD2006566BD /* undo@2x.png in Resources */,
				2EC8CB611A73210900A3A45C /* level37.txt in Resources */,
				2EC10B0F1A7084440096716D /* level11.txt in Resources */,
				2EDBAF4C1A65ADD2006566BD /* undo.png in Resources */,
				2EC8CB5A1A731D9200A3A45C /* level35.txt in Resources */,
				2EDBAF441A659C4A006566BD /* settings@2x.png in Resources */,
				2EC8CB731A7342EA00A3A45C /* level48.txt in Resources */,
				2EC8CB701A7342EA00A3A45C /* level45.txt in Resources */,
				2EC8CB4E1A72FEDA00A3A45C /* level26.txt in Resources */,
				2EC8CB551A72FEDA00A3A45C /* level33.txt in Resources */,
				2EC10B2B1A70B0F00096716D /* level23.txt in Resources */,
				2E0DD6B71A64907D0076C5B6 /* star.png in Resources */,
				2EC10B201A70A5920096716D /* level18.txt in Resources */,
				2E7ACEDB1A6B5D57002499C5 /* complete.png in Resources */,
				2EC8CB5B1A731D9200A3A45C /* level36.txt in Resources */,
				2EC8CB721A7342EA00A3A45C /* level47.txt in Resources */,
				2EC10B1A1A709EFE0096716D /* level15.txt in Resources */,
				2E0DD6BC1A6492220076C5B6 /* starhighlighted.png in Resources */,
				2E61FCED1A6B2A0200364C5E /* starhighlighted@2x.png in Resources */,
				2EC8CB631A73210900A3A45C /* level39.txt in Resources */,
				2E0DD6931A6459B90076C5B6 /* LaunchScreen.xib in Resources */,
				2E7ACED31A6B58E0002499C5 /* lock@2x.png in Resources */,
				2EC8CB641A73210900A3A45C /* level40.txt in Resources */,
				2E61FCEC1A6B2A0200364C5E /* star@3x.png in Resources */,
				2EC10B0B1A70817B0096716D /* level9.txt in Resources */,
				2EC8CB6D1A7342EA00A3A45C /* level42.txt in Resources */,
				2EC8CB7D1A741D9500A3A45C /* twitter.png in Resources */,
				2EC8CB711A7342EA00A3A45C /* level46.txt in Resources */,
				2E61FCEE1A6B2A0200364C5E /* starhighlighted@3x.png in Resources */,
				2EC10B2E1A7172910096716D /* level25.txt in Resources */,
				2E7ACEE41A6B5EBE002499C5 /* level3.txt in Resources */,
				2EDBAF4B1A65ADD2006566BD /* settings@3x.png in Resources */,
				2EC8CB791A741D8800A3A45C /* facebook@3x.png in Resources */,
				2E7ACEEA1A6B6141002499C5 /* level6.txt in Resources */,
				2EC8CB651A73210900A3A45C /* level41.txt in Resources */,
				2EC10B071A706AC50096716D /* level7.txt in Resources */,
				2EC10B091A706EEA0096716D /* level8.txt in Resources */,
				2E0DD6901A6459B90076C5B6 /* Images.xcassets in Resources */,
				2EC10B2C1A70B0F00096716D /* level24.txt in Resources */,
				2E7ACEE61A6B5FE7002499C5 /* level4.txt in Resources */,
				2EC10B1F1A70A5920096716D /* level17.txt in Resources */,
				2EC8CB511A72FEDA00A3A45C /* level29.txt in Resources */,
				2E7ACEDC1A6B5D57002499C5 /* leftover.png in Resources */,
				2EC8CB6E1A7342EA00A3A45C /* level43.txt in Resources */,
				2EC8CB541A72FEDA00A3A45C /* level32.txt in Resources */,
				2EC8CB501A72FEDA00A3A45C /* level28.txt in Resources */,
				2EC8CB521A72FEDA00A3A45C /* level30.txt in Resources */,
				2EC8CB591A731D9200A3A45C /* level34.txt in Resources */,
				2EDBAF681A685E1F006566BD /* more@2x.png in Resources */,
			);
			runOnlyForDeploymentPostprocessing = 0;
		};
		2E0DD6961A6459B90076C5B6 /* Resources */ = {
			isa = PBXResourcesBuildPhase;
			buildActionMask = 2147483647;
			files = (
			);
			runOnlyForDeploymentPostprocessing = 0;
		};
/* End PBXResourcesBuildPhase section */

/* Begin PBXSourcesBuildPhase section */
		2E0DD6781A6459B90076C5B6 /* Sources */ = {
			isa = PBXSourcesBuildPhase;
			buildActionMask = 2147483647;
			files = (
				2E0DD6BA1A6490960076C5B6 /* StarView.m in Sources */,
				2E7ACECE1A6B52E3002499C5 /* LevelTableViewCell.m in Sources */,
				2E14DDCD1A7B2DEB00939D37 /* MazePieceCollectionViewCell.m in Sources */,
				2EDBAF5D1A68112B006566BD /* MazePieceView.m in Sources */,
				2E0DD6881A6459B90076C5B6 /* Pipe_Maze.xcdatamodeld in Sources */,
				2EDBAF631A681A6A006566BD /* MazePiece.m in Sources */,
				2EC10B181A708BAE0096716D /* Level.m in Sources */,
				2EDBAF551A65CCD5006566BD /* World.m in Sources */,
				2E61FCDC1A6AE86400364C5E /* MazeMove.m in Sources */,
				2E4112761A79DFB100C09C67 /* NavigationViewController.m in Sources */,
				2EDBAF601A6811EE006566BD /* PMConstants.m in Sources */,
				2E0DD6C21A64BE8C0076C5B6 /* WorldDAO.m in Sources */,
				2E61FCD61A6AC92900364C5E /* CompletedView.m in Sources */,
				2E61FCD91A6AE6BC00364C5E /* UndoStack.m in Sources */,
				2EDBAF5A1A681116006566BD /* PiecesView.m in Sources */,
				2E61FCD31A69B74B00364C5E /* MazeManager.m in Sources */,
				2E4112731A799AF000C09C67 /* FullScreenAdViewController.m in Sources */,
				2E7ACEB71A6B3D05002499C5 /* TutorialViewController.m in Sources */,
				2E0DD6B31A6481620076C5B6 /* LevelView.m in Sources */,
				2E61FCCD1A6871F800364C5E /* MazeViewController.m in Sources */,
				2E0DD6BF1A649C360076C5B6 /* MazeView.m in Sources */,
				2E61FCD01A68745800364C5E /* Maze.m in Sources */,
				2E61FCE21A6AFF3E00364C5E /* StoreTableViewController.m in Sources */,
				2E61FCCA1A6871EA00364C5E /* LevelParser.m in Sources */,
				2E7ACECB1A6B523B002499C5 /* LevelViewController.m in Sources */,
				2E0DD6851A6459B90076C5B6 /* AppDelegate.m in Sources */,
				2E61FCDF1A6AFF1900364C5E /* SettingsTableViewController.m in Sources */,
				2E0DD6821A6459B90076C5B6 /* main.m in Sources */,
			);
			runOnlyForDeploymentPostprocessing = 0;
		};
		2E0DD6941A6459B90076C5B6 /* Sources */ = {
			isa = PBXSourcesBuildPhase;
			buildActionMask = 2147483647;
			files = (
				2E0DD69F1A6459B90076C5B6 /* Pipe_MazeTests.m in Sources */,
			);
			runOnlyForDeploymentPostprocessing = 0;
		};
/* End PBXSourcesBuildPhase section */

/* Begin PBXTargetDependency section */
		2E0DD69A1A6459B90076C5B6 /* PBXTargetDependency */ = {
			isa = PBXTargetDependency;
			target = 2E0DD67B1A6459B90076C5B6 /* Pipe Maze */;
			targetProxy = 2E0DD6991A6459B90076C5B6 /* PBXContainerItemProxy */;
		};
/* End PBXTargetDependency section */

/* Begin PBXVariantGroup section */
		2E0DD68C1A6459B90076C5B6 /* Main.storyboard */ = {
			isa = PBXVariantGroup;
			children = (
				2E0DD68D1A6459B90076C5B6 /* Base */,
			);
			name = Main.storyboard;
			sourceTree = "<group>";
		};
		2E0DD6911A6459B90076C5B6 /* LaunchScreen.xib */ = {
			isa = PBXVariantGroup;
			children = (
				2E0DD6921A6459B90076C5B6 /* Base */,
			);
			name = LaunchScreen.xib;
			sourceTree = "<group>";
		};
/* End PBXVariantGroup section */

/* Begin XCBuildConfiguration section */
		2E0DD6A01A6459B90076C5B6 /* Debug */ = {
			isa = XCBuildConfiguration;
			buildSettings = {
				ALWAYS_SEARCH_USER_PATHS = NO;
				CLANG_CXX_LANGUAGE_STANDARD = "gnu++0x";
				CLANG_CXX_LIBRARY = "libc++";
				CLANG_ENABLE_MODULES = YES;
				CLANG_ENABLE_OBJC_ARC = YES;
				CLANG_WARN_BOOL_CONVERSION = YES;
				CLANG_WARN_CONSTANT_CONVERSION = YES;
				CLANG_WARN_DIRECT_OBJC_ISA_USAGE = YES_ERROR;
				CLANG_WARN_EMPTY_BODY = YES;
				CLANG_WARN_ENUM_CONVERSION = YES;
				CLANG_WARN_INT_CONVERSION = YES;
				CLANG_WARN_OBJC_ROOT_CLASS = YES_ERROR;
				CLANG_WARN_UNREACHABLE_CODE = YES;
				CLANG_WARN__DUPLICATE_METHOD_MATCH = YES;
				"CODE_SIGN_IDENTITY[sdk=iphoneos*]" = "iPhone Developer";
				COPY_PHASE_STRIP = NO;
				ENABLE_STRICT_OBJC_MSGSEND = YES;
				GCC_C_LANGUAGE_STANDARD = gnu99;
				GCC_DYNAMIC_NO_PIC = NO;
				GCC_OPTIMIZATION_LEVEL = 0;
				GCC_PREPROCESSOR_DEFINITIONS = (
					"DEBUG=1",
					"$(inherited)",
				);
				GCC_SYMBOLS_PRIVATE_EXTERN = NO;
				GCC_WARN_64_TO_32_BIT_CONVERSION = YES;
				GCC_WARN_ABOUT_RETURN_TYPE = YES_ERROR;
				GCC_WARN_UNDECLARED_SELECTOR = YES;
				GCC_WARN_UNINITIALIZED_AUTOS = YES_AGGRESSIVE;
				GCC_WARN_UNUSED_FUNCTION = YES;
				GCC_WARN_UNUSED_VARIABLE = YES;
				IPHONEOS_DEPLOYMENT_TARGET = 8.1;
				MTL_ENABLE_DEBUG_INFO = YES;
				ONLY_ACTIVE_ARCH = YES;
				SDKROOT = iphoneos;
			};
			name = Debug;
		};
		2E0DD6A11A6459B90076C5B6 /* Release */ = {
			isa = XCBuildConfiguration;
			buildSettings = {
				ALWAYS_SEARCH_USER_PATHS = NO;
				CLANG_CXX_LANGUAGE_STANDARD = "gnu++0x";
				CLANG_CXX_LIBRARY = "libc++";
				CLANG_ENABLE_MODULES = YES;
				CLANG_ENABLE_OBJC_ARC = YES;
				CLANG_WARN_BOOL_CONVERSION = YES;
				CLANG_WARN_CONSTANT_CONVERSION = YES;
				CLANG_WARN_DIRECT_OBJC_ISA_USAGE = YES_ERROR;
				CLANG_WARN_EMPTY_BODY = YES;
				CLANG_WARN_ENUM_CONVERSION = YES;
				CLANG_WARN_INT_CONVERSION = YES;
				CLANG_WARN_OBJC_ROOT_CLASS = YES_ERROR;
				CLANG_WARN_UNREACHABLE_CODE = YES;
				CLANG_WARN__DUPLICATE_METHOD_MATCH = YES;
				"CODE_SIGN_IDENTITY[sdk=iphoneos*]" = "iPhone Developer";
				COPY_PHASE_STRIP = YES;
				ENABLE_NS_ASSERTIONS = NO;
				ENABLE_STRICT_OBJC_MSGSEND = YES;
				GCC_C_LANGUAGE_STANDARD = gnu99;
				GCC_WARN_64_TO_32_BIT_CONVERSION = YES;
				GCC_WARN_ABOUT_RETURN_TYPE = YES_ERROR;
				GCC_WARN_UNDECLARED_SELECTOR = YES;
				GCC_WARN_UNINITIALIZED_AUTOS = YES_AGGRESSIVE;
				GCC_WARN_UNUSED_FUNCTION = YES;
				GCC_WARN_UNUSED_VARIABLE = YES;
				IPHONEOS_DEPLOYMENT_TARGET = 8.1;
				MTL_ENABLE_DEBUG_INFO = NO;
				SDKROOT = iphoneos;
				VALIDATE_PRODUCT = YES;
			};
			name = Release;
		};
		2E0DD6A31A6459B90076C5B6 /* Debug */ = {
			isa = XCBuildConfiguration;
			buildSettings = {
				ASSETCATALOG_COMPILER_APPICON_NAME = AppIcon;
				CODE_SIGN_IDENTITY = "iPhone Developer";
				"CODE_SIGN_IDENTITY[sdk=iphoneos*]" = "iPhone Developer";
				INFOPLIST_FILE = "Pipe Maze/Info.plist";
				IPHONEOS_DEPLOYMENT_TARGET = 8.0;
				LD_RUNPATH_SEARCH_PATHS = "$(inherited) @executable_path/Frameworks";
				PRODUCT_NAME = "$(TARGET_NAME)";
				PROVISIONING_PROFILE = "";
				TARGETED_DEVICE_FAMILY = "1,2";
			};
			name = Debug;
		};
		2E0DD6A41A6459B90076C5B6 /* Release */ = {
			isa = XCBuildConfiguration;
			buildSettings = {
				ASSETCATALOG_COMPILER_APPICON_NAME = AppIcon;
				CODE_SIGN_IDENTITY = "iPhone Developer";
				"CODE_SIGN_IDENTITY[sdk=iphoneos*]" = "iPhone Developer";
				INFOPLIST_FILE = "Pipe Maze/Info.plist";
				IPHONEOS_DEPLOYMENT_TARGET = 8.0;
				LD_RUNPATH_SEARCH_PATHS = "$(inherited) @executable_path/Frameworks";
				PRODUCT_NAME = "$(TARGET_NAME)";
				PROVISIONING_PROFILE = "";
				TARGETED_DEVICE_FAMILY = "1,2";
			};
			name = Release;
		};
		2E0DD6A61A6459B90076C5B6 /* Debug */ = {
			isa = XCBuildConfiguration;
			buildSettings = {
				BUNDLE_LOADER = "$(TEST_HOST)";
				FRAMEWORK_SEARCH_PATHS = (
					"$(SDKROOT)/Developer/Library/Frameworks",
					"$(inherited)",
				);
				GCC_PREPROCESSOR_DEFINITIONS = (
					"DEBUG=1",
					"$(inherited)",
				);
				INFOPLIST_FILE = "Pipe MazeTests/Info.plist";
				LD_RUNPATH_SEARCH_PATHS = "$(inherited) @executable_path/Frameworks @loader_path/Frameworks";
				PRODUCT_NAME = "$(TARGET_NAME)";
				TEST_HOST = "$(BUILT_PRODUCTS_DIR)/Pipe Maze.app/Pipe Maze";
			};
			name = Debug;
		};
		2E0DD6A71A6459B90076C5B6 /* Release */ = {
			isa = XCBuildConfiguration;
			buildSettings = {
				BUNDLE_LOADER = "$(TEST_HOST)";
				FRAMEWORK_SEARCH_PATHS = (
					"$(SDKROOT)/Developer/Library/Frameworks",
					"$(inherited)",
				);
				INFOPLIST_FILE = "Pipe MazeTests/Info.plist";
				LD_RUNPATH_SEARCH_PATHS = "$(inherited) @executable_path/Frameworks @loader_path/Frameworks";
				PRODUCT_NAME = "$(TARGET_NAME)";
				TEST_HOST = "$(BUILT_PRODUCTS_DIR)/Pipe Maze.app/Pipe Maze";
			};
			name = Release;
		};
/* End XCBuildConfiguration section */

/* Begin XCConfigurationList section */
		2E0DD6771A6459B90076C5B6 /* Build configuration list for PBXProject "Pipe Maze" */ = {
			isa = XCConfigurationList;
			buildConfigurations = (
				2E0DD6A01A6459B90076C5B6 /* Debug */,
				2E0DD6A11A6459B90076C5B6 /* Release */,
			);
			defaultConfigurationIsVisible = 0;
			defaultConfigurationName = Release;
		};
		2E0DD6A21A6459B90076C5B6 /* Build configuration list for PBXNativeTarget "Pipe Maze" */ = {
			isa = XCConfigurationList;
			buildConfigurations = (
				2E0DD6A31A6459B90076C5B6 /* Debug */,
				2E0DD6A41A6459B90076C5B6 /* Release */,
			);
			defaultConfigurationIsVisible = 0;
			defaultConfigurationName = Release;
		};
		2E0DD6A51A6459B90076C5B6 /* Build configuration list for PBXNativeTarget "Pipe MazeTests" */ = {
			isa = XCConfigurationList;
			buildConfigurations = (
				2E0DD6A61A6459B90076C5B6 /* Debug */,
				2E0DD6A71A6459B90076C5B6 /* Release */,
			);
			defaultConfigurationIsVisible = 0;
			defaultConfigurationName = Release;
		};
/* End XCConfigurationList section */

/* Begin XCVersionGroup section */
		2E0DD6861A6459B90076C5B6 /* Pipe_Maze.xcdatamodeld */ = {
			isa = XCVersionGroup;
			children = (
				2E0DD6871A6459B90076C5B6 /* Pipe_Maze.xcdatamodel */,
			);
			currentVersion = 2E0DD6871A6459B90076C5B6 /* Pipe_Maze.xcdatamodel */;
			path = Pipe_Maze.xcdatamodeld;
			sourceTree = "<group>";
			versionGroupType = wrapper.xcdatamodel;
		};
/* End XCVersionGroup section */
	};
	rootObject = 2E0DD6741A6459B90076C5B6 /* Project object */;
}
